// !$*UTF8*$!
{
	archiveVersion = 1;
	classes = {
	};
	objectVersion = 56;
	objects = {

/* Begin PBXBuildFile section */
		5B1BE4792CE66A39000AC960 /* ITSecondQuestionResultView.swift in Sources */ = {isa = PBXBuildFile; fileRef = 5B1BE4782CE66A39000AC960 /* ITSecondQuestionResultView.swift */; };
		5B2490862C0E5AF40052F8BB /* InputFieldView.swift in Sources */ = {isa = PBXBuildFile; fileRef = 5B2490852C0E5AF40052F8BB /* InputFieldView.swift */; };
		5B2490882C0E5BFD0052F8BB /* PasswordInputFieldView.swift in Sources */ = {isa = PBXBuildFile; fileRef = 5B2490872C0E5BFD0052F8BB /* PasswordInputFieldView.swift */; };
		5B2A8F1B2D356BF0007A36CA /* ITSessionFinishView.swift in Sources */ = {isa = PBXBuildFile; fileRef = 5B2A8F1A2D356BF0007A36CA /* ITSessionFinishView.swift */; };
		5B3040DF2D74D0E80022C32C /* GoogleService-Info_1B.plist in Resources */ = {isa = PBXBuildFile; fileRef = 5B3040DD2D74D0E80022C32C /* GoogleService-Info_1B.plist */; };
		5B3353C22CE284160055759D /* ITFirstQuestionView.swift in Sources */ = {isa = PBXBuildFile; fileRef = 5B3353C12CE284160055759D /* ITFirstQuestionView.swift */; };
		5B3353C42CE287AB0055759D /* AnswerTextFieldView.swift in Sources */ = {isa = PBXBuildFile; fileRef = 5B3353C32CE287AB0055759D /* AnswerTextFieldView.swift */; };
		5B3353C82CE291F00055759D /* ITSecondQuestionView.swift in Sources */ = {isa = PBXBuildFile; fileRef = 5B3353C72CE291F00055759D /* ITSecondQuestionView.swift */; };
		5B3A373F2C7CD9BE0005FAE9 /* CTStep.swift in Sources */ = {isa = PBXBuildFile; fileRef = 5B3A373E2C7CD9BE0005FAE9 /* CTStep.swift */; };
		5B3A37412C7CD9FA0005FAE9 /* FontStyle.swift in Sources */ = {isa = PBXBuildFile; fileRef = 5B3A37402C7CD9FA0005FAE9 /* FontStyle.swift */; };
		5B3A37432C7CDA4C0005FAE9 /* CustomFont.swift in Sources */ = {isa = PBXBuildFile; fileRef = 5B3A37422C7CDA4C0005FAE9 /* CustomFont.swift */; };
		5B4228862D5E62F400C1C261 /* CTImage.swift in Sources */ = {isa = PBXBuildFile; fileRef = 5B4228852D5E62F400C1C261 /* CTImage.swift */; };
		5B4228882D5E644200C1C261 /* TrialItem.swift in Sources */ = {isa = PBXBuildFile; fileRef = 5B4228872D5E644200C1C261 /* TrialItem.swift */; };
		5B6E64532D3405C000816A35 /* ITDemoFinishView.swift in Sources */ = {isa = PBXBuildFile; fileRef = 5B6E64522D3405C000816A35 /* ITDemoFinishView.swift */; };
		5B6E64552D3405DE00816A35 /* ITSessionDescriptionView.swift in Sources */ = {isa = PBXBuildFile; fileRef = 5B6E64542D3405DE00816A35 /* ITSessionDescriptionView.swift */; };
		5B83F02C2C8E3AA5001D52BA /* Task++.swift in Sources */ = {isa = PBXBuildFile; fileRef = 5B83F02B2C8E3AA5001D52BA /* Task++.swift */; };
		5B8D79F32C73090200544E49 /* FirebaseAnalytics in Frameworks */ = {isa = PBXBuildFile; productRef = 5B8D79F22C73090200544E49 /* FirebaseAnalytics */; };
		5B8D79F52C73090200544E49 /* FirebaseAuth in Frameworks */ = {isa = PBXBuildFile; productRef = 5B8D79F42C73090200544E49 /* FirebaseAuth */; };
		5B8D79F72C73090200544E49 /* FirebaseCrashlytics in Frameworks */ = {isa = PBXBuildFile; productRef = 5B8D79F62C73090200544E49 /* FirebaseCrashlytics */; };
		5B8D79F92C73090200544E49 /* FirebaseDatabase in Frameworks */ = {isa = PBXBuildFile; productRef = 5B8D79F82C73090200544E49 /* FirebaseDatabase */; };
		5B8D79FB2C73090200544E49 /* FirebaseFirestore in Frameworks */ = {isa = PBXBuildFile; productRef = 5B8D79FA2C73090200544E49 /* FirebaseFirestore */; };
		5B8D79FD2C73090200544E49 /* FirebaseRemoteConfig in Frameworks */ = {isa = PBXBuildFile; productRef = 5B8D79FC2C73090200544E49 /* FirebaseRemoteConfig */; };
		5B8D79FF2C73090200544E49 /* FirebaseStorage in Frameworks */ = {isa = PBXBuildFile; productRef = 5B8D79FE2C73090200544E49 /* FirebaseStorage */; };
		5B8D7A012C73A69900544E49 /* TestStatus.swift in Sources */ = {isa = PBXBuildFile; fileRef = 5B8D7A002C73A69900544E49 /* TestStatus.swift */; };
		5B91EC252CE12ACC00B4A8EA /* Image++.swift in Sources */ = {isa = PBXBuildFile; fileRef = 5B91EC242CE12ACC00B4A8EA /* Image++.swift */; };
		5B91EC272CE12E8100B4A8EA /* BackButton.swift in Sources */ = {isa = PBXBuildFile; fileRef = 5B91EC262CE12E8100B4A8EA /* BackButton.swift */; };
		5B91EC2C2CE13C7100B4A8EA /* ITQuestionDescriptionView.swift in Sources */ = {isa = PBXBuildFile; fileRef = 5B91EC2B2CE13C7100B4A8EA /* ITQuestionDescriptionView.swift */; };
		5B91EC302CE13FF300B4A8EA /* Category.swift in Sources */ = {isa = PBXBuildFile; fileRef = 5B91EC2F2CE13FF300B4A8EA /* Category.swift */; };
		5B91EC322CE140AE00B4A8EA /* Answer.swift in Sources */ = {isa = PBXBuildFile; fileRef = 5B91EC312CE140AE00B4A8EA /* Answer.swift */; };
		5B9220F92BDE85E100F96222 /* SettingsTabRootViewModel.swift in Sources */ = {isa = PBXBuildFile; fileRef = 5B9220F82BDE85E100F96222 /* SettingsTabRootViewModel.swift */; };
		5B9220FB2BDE882500F96222 /* SettingsTabRootView.swift in Sources */ = {isa = PBXBuildFile; fileRef = 5B9220FA2BDE882500F96222 /* SettingsTabRootView.swift */; };
		5B9220FD2BDE8F1B00F96222 /* SettingsTabView.swift in Sources */ = {isa = PBXBuildFile; fileRef = 5B9220FC2BDE8F1B00F96222 /* SettingsTabView.swift */; };
		5B9221032BDEB13600F96222 /* CautionTestViewModel.swift in Sources */ = {isa = PBXBuildFile; fileRef = 5B9221022BDEB13600F96222 /* CautionTestViewModel.swift */; };
		5B9221052BDEB1FE00F96222 /* CautionTestView.swift in Sources */ = {isa = PBXBuildFile; fileRef = 5B9221042BDEB1FE00F96222 /* CautionTestView.swift */; };
		5B95AB1E2C98C28D00ACA281 /* Strings.swift in Sources */ = {isa = PBXBuildFile; fileRef = 5B95AB1D2C98C28D00ACA281 /* Strings.swift */; };
		5B9A4F862C7249AE00F22E6F /* AuthManager.swift in Sources */ = {isa = PBXBuildFile; fileRef = 5B9A4F852C7249AE00F22E6F /* AuthManager.swift */; };
		5B9A4F882C726D4F00F22E6F /* AuthError.swift in Sources */ = {isa = PBXBuildFile; fileRef = 5B9A4F872C726D4F00F22E6F /* AuthError.swift */; };
		5B9CB60A2BF53FDB00055481 /* InterpretationTestViewModel.swift in Sources */ = {isa = PBXBuildFile; fileRef = 5B9CB6092BF53FDB00055481 /* InterpretationTestViewModel.swift */; };
		5B9CB60C2BF53FE700055481 /* InterpretationTestView.swift in Sources */ = {isa = PBXBuildFile; fileRef = 5B9CB60B2BF53FE700055481 /* InterpretationTestView.swift */; };
		5BA491CB2D2069ED0035316D /* interpretation_demo.json in Resources */ = {isa = PBXBuildFile; fileRef = 5BA491CA2D2069ED0035316D /* interpretation_demo.json */; };
		5BA491CE2D2078C90035316D /* interpretation_all.json in Resources */ = {isa = PBXBuildFile; fileRef = 5BA491CD2D2078C90035316D /* interpretation_all.json */; };
		5BA491D12D216F570035316D /* ITSessionManager.swift in Sources */ = {isa = PBXBuildFile; fileRef = 5BA491D02D216F570035316D /* ITSessionManager.swift */; };
		5BA491D42D2177B80035316D /* Question.swift in Sources */ = {isa = PBXBuildFile; fileRef = 5BA491D32D2177B80035316D /* Question.swift */; };
		5BA491D62D2177E60035316D /* InterpretationCategory.swift in Sources */ = {isa = PBXBuildFile; fileRef = 5BA491D52D2177E60035316D /* InterpretationCategory.swift */; };
		5BAE05E42D58E4450001AD8E /* Date+.swift in Sources */ = {isa = PBXBuildFile; fileRef = 5BAE05E32D58E4450001AD8E /* Date+.swift */; };
		5BB433052C962B10001A1BB9 /* ArrowDirection.swift in Sources */ = {isa = PBXBuildFile; fileRef = 5BB433042C962B10001A1BB9 /* ArrowDirection.swift */; };
		5BB433072C962B3F001A1BB9 /* Position.swift in Sources */ = {isa = PBXBuildFile; fileRef = 5BB433062C962B3F001A1BB9 /* Position.swift */; };
		5BBC9AB42BD0304200170B62 /* Clinical_Psychology_1_App.swift in Sources */ = {isa = PBXBuildFile; fileRef = 5BBC9AB32BD0304200170B62 /* Clinical_Psychology_1_App.swift */; };
		5BBC9AB62BD0304200170B62 /* AppView.swift in Sources */ = {isa = PBXBuildFile; fileRef = 5BBC9AB52BD0304200170B62 /* AppView.swift */; };
		5BBC9AB82BD0304700170B62 /* Assets.xcassets in Resources */ = {isa = PBXBuildFile; fileRef = 5BBC9AB72BD0304700170B62 /* Assets.xcassets */; };
		5BBC9ABB2BD0304700170B62 /* Preview Assets.xcassets in Resources */ = {isa = PBXBuildFile; fileRef = 5BBC9ABA2BD0304700170B62 /* Preview Assets.xcassets */; };
		5BBC9AD82BD033ED00170B62 /* Roboto-Italic.ttf in Resources */ = {isa = PBXBuildFile; fileRef = 5BBC9ACC2BD033EC00170B62 /* Roboto-Italic.ttf */; };
		5BBC9AD92BD033ED00170B62 /* Roboto-Black.ttf in Resources */ = {isa = PBXBuildFile; fileRef = 5BBC9ACD2BD033EC00170B62 /* Roboto-Black.ttf */; };
		5BBC9ADA2BD033ED00170B62 /* Roboto-LightItalic.ttf in Resources */ = {isa = PBXBuildFile; fileRef = 5BBC9ACE2BD033EC00170B62 /* Roboto-LightItalic.ttf */; };
		5BBC9ADB2BD033ED00170B62 /* Roboto-Bold.ttf in Resources */ = {isa = PBXBuildFile; fileRef = 5BBC9ACF2BD033EC00170B62 /* Roboto-Bold.ttf */; };
		5BBC9ADC2BD033ED00170B62 /* Roboto-ThinItalic.ttf in Resources */ = {isa = PBXBuildFile; fileRef = 5BBC9AD02BD033EC00170B62 /* Roboto-ThinItalic.ttf */; };
		5BBC9ADD2BD033ED00170B62 /* Roboto-BlackItalic.ttf in Resources */ = {isa = PBXBuildFile; fileRef = 5BBC9AD12BD033EC00170B62 /* Roboto-BlackItalic.ttf */; };
		5BBC9ADE2BD033ED00170B62 /* Roboto-Thin.ttf in Resources */ = {isa = PBXBuildFile; fileRef = 5BBC9AD22BD033EC00170B62 /* Roboto-Thin.ttf */; };
		5BBC9ADF2BD033ED00170B62 /* Roboto-BoldItalic.ttf in Resources */ = {isa = PBXBuildFile; fileRef = 5BBC9AD32BD033EC00170B62 /* Roboto-BoldItalic.ttf */; };
		5BBC9AE02BD033ED00170B62 /* Roboto-Light.ttf in Resources */ = {isa = PBXBuildFile; fileRef = 5BBC9AD42BD033EC00170B62 /* Roboto-Light.ttf */; };
		5BBC9AE12BD033ED00170B62 /* Roboto-Medium.ttf in Resources */ = {isa = PBXBuildFile; fileRef = 5BBC9AD52BD033ED00170B62 /* Roboto-Medium.ttf */; };
		5BBC9AE22BD033ED00170B62 /* Roboto-MediumItalic.ttf in Resources */ = {isa = PBXBuildFile; fileRef = 5BBC9AD62BD033ED00170B62 /* Roboto-MediumItalic.ttf */; };
		5BBC9AE32BD033ED00170B62 /* Roboto-Regular.ttf in Resources */ = {isa = PBXBuildFile; fileRef = 5BBC9AD72BD033ED00170B62 /* Roboto-Regular.ttf */; };
		5BBC9AE52BD03BBB00170B62 /* AppCordinator.swift in Sources */ = {isa = PBXBuildFile; fileRef = 5BBC9AE42BD03BBB00170B62 /* AppCordinator.swift */; };
		5BBC9AE92BD03CB300170B62 /* AppState.swift in Sources */ = {isa = PBXBuildFile; fileRef = 5BBC9AE82BD03CB300170B62 /* AppState.swift */; };
		5BBC9AEB2BD03D1600170B62 /* AppTab.swift in Sources */ = {isa = PBXBuildFile; fileRef = 5BBC9AEA2BD03D1600170B62 /* AppTab.swift */; };
		5BBC9AED2BD03D4700170B62 /* AppNavigationDestination.swift in Sources */ = {isa = PBXBuildFile; fileRef = 5BBC9AEC2BD03D4700170B62 /* AppNavigationDestination.swift */; };
		5BBC9AEF2BD03D8B00170B62 /* CustomTextFieldStyle.swift in Sources */ = {isa = PBXBuildFile; fileRef = 5BBC9AEE2BD03D8B00170B62 /* CustomTextFieldStyle.swift */; };
		5BBC9AF12BD03DC400170B62 /* CustomButtonStyle.swift in Sources */ = {isa = PBXBuildFile; fileRef = 5BBC9AF02BD03DC400170B62 /* CustomButtonStyle.swift */; };
		5BBC9AF42BD03E3900170B62 /* UIFont+.swift in Sources */ = {isa = PBXBuildFile; fileRef = 5BBC9AF32BD03E3900170B62 /* UIFont+.swift */; };
		5BBC9AF62BD03E6300170B62 /* Spacer+.swift in Sources */ = {isa = PBXBuildFile; fileRef = 5BBC9AF52BD03E6300170B62 /* Spacer+.swift */; };
		5BBC9AF82BD03E9500170B62 /* View+.swift in Sources */ = {isa = PBXBuildFile; fileRef = 5BBC9AF72BD03E9500170B62 /* View+.swift */; };
		5BBC9AFA2BD03F0200170B62 /* ButtonStyle+.swift in Sources */ = {isa = PBXBuildFile; fileRef = 5BBC9AF92BD03F0200170B62 /* ButtonStyle+.swift */; };
		5BBC9B002BD0405500170B62 /* TabBarView.swift in Sources */ = {isa = PBXBuildFile; fileRef = 5BBC9AFF2BD0405500170B62 /* TabBarView.swift */; };
		5BBC9B022BD0416100170B62 /* BackgroundView.swift in Sources */ = {isa = PBXBuildFile; fileRef = 5BBC9B012BD0416100170B62 /* BackgroundView.swift */; };
		5BBC9B042BD0419400170B62 /* LoginTextFieldView.swift in Sources */ = {isa = PBXBuildFile; fileRef = 5BBC9B032BD0419400170B62 /* LoginTextFieldView.swift */; };
		5BBC9B062BD041D800170B62 /* CustomButtonView.swift in Sources */ = {isa = PBXBuildFile; fileRef = 5BBC9B052BD041D800170B62 /* CustomButtonView.swift */; };
		5BBC9B082BD0424000170B62 /* LoginViewModel.swift in Sources */ = {isa = PBXBuildFile; fileRef = 5BBC9B072BD0424000170B62 /* LoginViewModel.swift */; };
		5BBC9B0A2BD0427400170B62 /* LoginView.swift in Sources */ = {isa = PBXBuildFile; fileRef = 5BBC9B092BD0427400170B62 /* LoginView.swift */; };
		5BBC9B0C2BD059AD00170B62 /* GoogleService-Info.plist in Resources */ = {isa = PBXBuildFile; fileRef = 5BBC9B0B2BD059AD00170B62 /* GoogleService-Info.plist */; };
		5BBC9B452BD05B1900170B62 /* FirebaseGateway.swift in Sources */ = {isa = PBXBuildFile; fileRef = 5BBC9B442BD05B1900170B62 /* FirebaseGateway.swift */; };
		5BBC9B482BD0601100170B62 /* HomeTabView.swift in Sources */ = {isa = PBXBuildFile; fileRef = 5BBC9B472BD0601100170B62 /* HomeTabView.swift */; };
		5BBC9B4A2BD0604800170B62 /* HomeTabRootView.swift in Sources */ = {isa = PBXBuildFile; fileRef = 5BBC9B492BD0604800170B62 /* HomeTabRootView.swift */; };
		5BBC9B4C2BD0608100170B62 /* HomeTabRootViewModel.swift in Sources */ = {isa = PBXBuildFile; fileRef = 5BBC9B4B2BD0608100170B62 /* HomeTabRootViewModel.swift */; };
		5BCD47CF2D6E5E9F0053E848 /* LoginView.swift in Sources */ = {isa = PBXBuildFile; fileRef = 5BBC9B092BD0427400170B62 /* LoginView.swift */; };
		5BCD47D02D6E5E9F0053E848 /* ITStep.swift in Sources */ = {isa = PBXBuildFile; fileRef = 5BD528772CA04EAC0091C88B /* ITStep.swift */; };
		5BCD47D12D6E5E9F0053E848 /* CustomButtonStyle.swift in Sources */ = {isa = PBXBuildFile; fileRef = 5BBC9AF02BD03DC400170B62 /* CustomButtonStyle.swift */; };
		5BCD47D22D6E5E9F0053E848 /* AppNavigationDestination.swift in Sources */ = {isa = PBXBuildFile; fileRef = 5BBC9AEC2BD03D4700170B62 /* AppNavigationDestination.swift */; };
		5BCD47D32D6E5E9F0053E848 /* ITDemoDescriptionView.swift in Sources */ = {isa = PBXBuildFile; fileRef = 5BD528792CA053480091C88B /* ITDemoDescriptionView.swift */; };
		5BCD47D42D6E5E9F0053E848 /* CustomButtonView.swift in Sources */ = {isa = PBXBuildFile; fileRef = 5BBC9B052BD041D800170B62 /* CustomButtonView.swift */; };
		5BCD47D52D6E5E9F0053E848 /* PasswordInputFieldView.swift in Sources */ = {isa = PBXBuildFile; fileRef = 5B2490872C0E5BFD0052F8BB /* PasswordInputFieldView.swift */; };
		5BCD47D62D6E5E9F0053E848 /* ITSessionDescriptionView.swift in Sources */ = {isa = PBXBuildFile; fileRef = 5B6E64542D3405DE00816A35 /* ITSessionDescriptionView.swift */; };
		5BCD47D72D6E5E9F0053E848 /* ITDemoQuestionDescView.swift in Sources */ = {isa = PBXBuildFile; fileRef = 5BD9D17E2D626A6A003BDB67 /* ITDemoQuestionDescView.swift */; };
		5BCD47D82D6E5E9F0053E848 /* ContributorsView.swift in Sources */ = {isa = PBXBuildFile; fileRef = 5BEEFAA02C0745B200AF3445 /* ContributorsView.swift */; };
		5BCD47D92D6E5E9F0053E848 /* HomeTabView.swift in Sources */ = {isa = PBXBuildFile; fileRef = 5BBC9B472BD0601100170B62 /* HomeTabView.swift */; };
		5BCD47DA2D6E5E9F0053E848 /* ITDemoSecondQuestionView.swift in Sources */ = {isa = PBXBuildFile; fileRef = 5BD9D1822D626B9E003BDB67 /* ITDemoSecondQuestionView.swift */; };
		5BCD47DB2D6E5E9F0053E848 /* BackButton.swift in Sources */ = {isa = PBXBuildFile; fileRef = 5B91EC262CE12E8100B4A8EA /* BackButton.swift */; };
		5BCD47DC2D6E5E9F0053E848 /* InterpretationTestViewModel.swift in Sources */ = {isa = PBXBuildFile; fileRef = 5B9CB6092BF53FDB00055481 /* InterpretationTestViewModel.swift */; };
		5BCD47DD2D6E5E9F0053E848 /* ITSecondQuestionView.swift in Sources */ = {isa = PBXBuildFile; fileRef = 5B3353C72CE291F00055759D /* ITSecondQuestionView.swift */; };
		5BCD47DE2D6E5E9F0053E848 /* ContributorsViewModel.swift in Sources */ = {isa = PBXBuildFile; fileRef = 5BEEFAA22C0745C000AF3445 /* ContributorsViewModel.swift */; };
		5BCD47DF2D6E5E9F0053E848 /* Spacer+.swift in Sources */ = {isa = PBXBuildFile; fileRef = 5BBC9AF52BD03E6300170B62 /* Spacer+.swift */; };
		5BCD47E02D6E5E9F0053E848 /* Category.swift in Sources */ = {isa = PBXBuildFile; fileRef = 5B91EC2F2CE13FF300B4A8EA /* Category.swift */; };
		5BCD47E12D6E5E9F0053E848 /* UIFont+.swift in Sources */ = {isa = PBXBuildFile; fileRef = 5BBC9AF32BD03E3900170B62 /* UIFont+.swift */; };
		5BCD47E22D6E5E9F0053E848 /* ITDemoView.swift in Sources */ = {isa = PBXBuildFile; fileRef = 5BD9D1792D626889003BDB67 /* ITDemoView.swift */; };
		5BCD47E32D6E5E9F0053E848 /* FontStyle.swift in Sources */ = {isa = PBXBuildFile; fileRef = 5B3A37402C7CD9FA0005FAE9 /* FontStyle.swift */; };
		5BCD47E42D6E5E9F0053E848 /* SettingsTabRootViewModel.swift in Sources */ = {isa = PBXBuildFile; fileRef = 5B9220F82BDE85E100F96222 /* SettingsTabRootViewModel.swift */; };
		5BCD47E52D6E5E9F0053E848 /* AuthState.swift in Sources */ = {isa = PBXBuildFile; fileRef = 5BE4D2062C709B9900C50419 /* AuthState.swift */; };
		5BCD47E62D6E5E9F0053E848 /* RegisterView.swift in Sources */ = {isa = PBXBuildFile; fileRef = 5BFDB5252C0E416A00E7607B /* RegisterView.swift */; };
		5BCD47E72D6E5E9F0053E848 /* CautionTestData.swift in Sources */ = {isa = PBXBuildFile; fileRef = 5BFB6E9C2D47DD620086D4AA /* CautionTestData.swift */; };
		5BCD47E82D6E5E9F0053E848 /* View+.swift in Sources */ = {isa = PBXBuildFile; fileRef = 5BBC9AF72BD03E9500170B62 /* View+.swift */; };
		5BCD47E92D6E5E9F0053E848 /* InterpretationTestView.swift in Sources */ = {isa = PBXBuildFile; fileRef = 5B9CB60B2BF53FE700055481 /* InterpretationTestView.swift */; };
		5BCD47EA2D6E5E9F0053E848 /* SessionManager.swift in Sources */ = {isa = PBXBuildFile; fileRef = 5BFB6EA02D47DDB00086D4AA /* SessionManager.swift */; };
		5BCD47EB2D6E5E9F0053E848 /* AppCordinator.swift in Sources */ = {isa = PBXBuildFile; fileRef = 5BBC9AE42BD03BBB00170B62 /* AppCordinator.swift */; };
		5BCD47EC2D6E5E9F0053E848 /* ButtonStyle+.swift in Sources */ = {isa = PBXBuildFile; fileRef = 5BBC9AF92BD03F0200170B62 /* ButtonStyle+.swift */; };
		5BCD47ED2D6E5E9F0053E848 /* CustomTextFieldStyle.swift in Sources */ = {isa = PBXBuildFile; fileRef = 5BBC9AEE2BD03D8B00170B62 /* CustomTextFieldStyle.swift */; };
		5BCD47EE2D6E5E9F0053E848 /* DescriptionView.swift in Sources */ = {isa = PBXBuildFile; fileRef = 5BEEFA922C07286B00AF3445 /* DescriptionView.swift */; };
		5BCD47EF2D6E5E9F0053E848 /* CTStep.swift in Sources */ = {isa = PBXBuildFile; fileRef = 5B3A373E2C7CD9BE0005FAE9 /* CTStep.swift */; };
		5BCD47F02D6E5E9F0053E848 /* Answer.swift in Sources */ = {isa = PBXBuildFile; fileRef = 5B91EC312CE140AE00B4A8EA /* Answer.swift */; };
		5BCD47F12D6E5E9F0053E848 /* ArrowDirection.swift in Sources */ = {isa = PBXBuildFile; fileRef = 5BB433042C962B10001A1BB9 /* ArrowDirection.swift */; };
		5BCD47F22D6E5E9F0053E848 /* ITFirstQuestionView.swift in Sources */ = {isa = PBXBuildFile; fileRef = 5B3353C12CE284160055759D /* ITFirstQuestionView.swift */; };
		5BCD47F32D6E5E9F0053E848 /* LaunchView.swift in Sources */ = {isa = PBXBuildFile; fileRef = 5BDC2E892D457ECF0005A94C /* LaunchView.swift */; };
		5BCD47F42D6E5E9F0053E848 /* AuthManager.swift in Sources */ = {isa = PBXBuildFile; fileRef = 5B9A4F852C7249AE00F22E6F /* AuthManager.swift */; };
		5BCD47F52D6E5E9F0053E848 /* PlusSignView.swift in Sources */ = {isa = PBXBuildFile; fileRef = 5BEEFA962C0738A100AF3445 /* PlusSignView.swift */; };
		5BCD47F62D6E5E9F0053E848 /* TestStatus.swift in Sources */ = {isa = PBXBuildFile; fileRef = 5B8D7A002C73A69900544E49 /* TestStatus.swift */; };
		5BCD47F72D6E5E9F0053E848 /* ITSecondQuestionResultView.swift in Sources */ = {isa = PBXBuildFile; fileRef = 5B1BE4782CE66A39000AC960 /* ITSecondQuestionResultView.swift */; };
		5BCD47F82D6E5E9F0053E848 /* AppState.swift in Sources */ = {isa = PBXBuildFile; fileRef = 5BBC9AE82BD03CB300170B62 /* AppState.swift */; };
		5BCD47F92D6E5E9F0053E848 /* AnswerTextFieldView.swift in Sources */ = {isa = PBXBuildFile; fileRef = 5B3353C32CE287AB0055759D /* AnswerTextFieldView.swift */; };
		5BCD47FA2D6E5E9F0053E848 /* TrialItem.swift in Sources */ = {isa = PBXBuildFile; fileRef = 5B4228872D5E644200C1C261 /* TrialItem.swift */; };
		5BCD47FB2D6E5E9F0053E848 /* ITDemoFinishView.swift in Sources */ = {isa = PBXBuildFile; fileRef = 5B6E64522D3405C000816A35 /* ITDemoFinishView.swift */; };
		5BCD47FC2D6E5E9F0053E848 /* HomeTabRootViewModel.swift in Sources */ = {isa = PBXBuildFile; fileRef = 5BBC9B4B2BD0608100170B62 /* HomeTabRootViewModel.swift */; };
		5BCD47FD2D6E5E9F0053E848 /* SelectionView.swift in Sources */ = {isa = PBXBuildFile; fileRef = 5BEEFA9B2C07399D00AF3445 /* SelectionView.swift */; };
		5BCD47FE2D6E5E9F0053E848 /* LoginTextFieldView.swift in Sources */ = {isa = PBXBuildFile; fileRef = 5BBC9B032BD0419400170B62 /* LoginTextFieldView.swift */; };
		5BCD47FF2D6E5E9F0053E848 /* FirebaseGateway.swift in Sources */ = {isa = PBXBuildFile; fileRef = 5BBC9B442BD05B1900170B62 /* FirebaseGateway.swift */; };
		5BCD48002D6E5E9F0053E848 /* InterpretationTestData.swift in Sources */ = {isa = PBXBuildFile; fileRef = 5BFB6E9E2D47DD7A0086D4AA /* InterpretationTestData.swift */; };
		5BCD48012D6E5E9F0053E848 /* BackgroundView.swift in Sources */ = {isa = PBXBuildFile; fileRef = 5BBC9B012BD0416100170B62 /* BackgroundView.swift */; };
		5BCD48022D6E5E9F0053E848 /* HomeTabRootView.swift in Sources */ = {isa = PBXBuildFile; fileRef = 5BBC9B492BD0604800170B62 /* HomeTabRootView.swift */; };
		5BCD48032D6E5E9F0053E848 /* InputFieldView.swift in Sources */ = {isa = PBXBuildFile; fileRef = 5B2490852C0E5AF40052F8BB /* InputFieldView.swift */; };
		5BCD48042D6E5E9F0053E848 /* CautionTestView.swift in Sources */ = {isa = PBXBuildFile; fileRef = 5B9221042BDEB1FE00F96222 /* CautionTestView.swift */; };
		5BCD48052D6E5E9F0053E848 /* ITSessionFinishView.swift in Sources */ = {isa = PBXBuildFile; fileRef = 5B2A8F1A2D356BF0007A36CA /* ITSessionFinishView.swift */; };
		5BCD48062D6E5E9F0053E848 /* SettingsTabView.swift in Sources */ = {isa = PBXBuildFile; fileRef = 5B9220FC2BDE8F1B00F96222 /* SettingsTabView.swift */; };
		5BCD48072D6E5E9F0053E848 /* CautionTestViewModel.swift in Sources */ = {isa = PBXBuildFile; fileRef = 5B9221022BDEB13600F96222 /* CautionTestViewModel.swift */; };
		5BCD48082D6E5E9F0053E848 /* SessionData.swift in Sources */ = {isa = PBXBuildFile; fileRef = 5BFB6E9A2D47DD4C0086D4AA /* SessionData.swift */; };
		5BCD48092D6E5E9F0053E848 /* AppView.swift in Sources */ = {isa = PBXBuildFile; fileRef = 5BBC9AB52BD0304200170B62 /* AppView.swift */; };
		5BCD480A2D6E5E9F0053E848 /* RegisterViewModel.swift in Sources */ = {isa = PBXBuildFile; fileRef = 5BFDB5272C0E417E00E7607B /* RegisterViewModel.swift */; };
		5BCD480B2D6E5E9F0053E848 /* ITDemoStep.swift in Sources */ = {isa = PBXBuildFile; fileRef = 5BD9D1762D6266FD003BDB67 /* ITDemoStep.swift */; };
		5BCD480C2D6E5E9F0053E848 /* ITWelcomeView.swift in Sources */ = {isa = PBXBuildFile; fileRef = 5BD528742CA04E4A0091C88B /* ITWelcomeView.swift */; };
		5BCD480D2D6E5E9F0053E848 /* Date+.swift in Sources */ = {isa = PBXBuildFile; fileRef = 5BAE05E32D58E4450001AD8E /* Date+.swift */; };
		5BCD480E2D6E5E9F0053E848 /* Clinical_Psychology_1_App.swift in Sources */ = {isa = PBXBuildFile; fileRef = 5BBC9AB32BD0304200170B62 /* Clinical_Psychology_1_App.swift */; };
		5BCD480F2D6E5E9F0053E848 /* ITDemoViewModel.swift in Sources */ = {isa = PBXBuildFile; fileRef = 5BD9D17C2D6268AF003BDB67 /* ITDemoViewModel.swift */; };
		5BCD48102D6E5E9F0053E848 /* Position.swift in Sources */ = {isa = PBXBuildFile; fileRef = 5BB433062C962B3F001A1BB9 /* Position.swift */; };
		5BCD48112D6E5E9F0053E848 /* LoginViewModel.swift in Sources */ = {isa = PBXBuildFile; fileRef = 5BBC9B072BD0424000170B62 /* LoginViewModel.swift */; };
		5BCD48122D6E5E9F0053E848 /* Task++.swift in Sources */ = {isa = PBXBuildFile; fileRef = 5B83F02B2C8E3AA5001D52BA /* Task++.swift */; };
		5BCD48132D6E5E9F0053E848 /* AuthError.swift in Sources */ = {isa = PBXBuildFile; fileRef = 5B9A4F872C726D4F00F22E6F /* AuthError.swift */; };
		5BCD48142D6E5E9F0053E848 /* Question.swift in Sources */ = {isa = PBXBuildFile; fileRef = 5BA491D32D2177B80035316D /* Question.swift */; };
		5BCD48152D6E5E9F0053E848 /* TabBarView.swift in Sources */ = {isa = PBXBuildFile; fileRef = 5BBC9AFF2BD0405500170B62 /* TabBarView.swift */; };
		5BCD48162D6E5E9F0053E848 /* Image++.swift in Sources */ = {isa = PBXBuildFile; fileRef = 5B91EC242CE12ACC00B4A8EA /* Image++.swift */; };
		5BCD48172D6E5E9F0053E848 /* CTImage.swift in Sources */ = {isa = PBXBuildFile; fileRef = 5B4228852D5E62F400C1C261 /* CTImage.swift */; };
		5BCD48182D6E5E9F0053E848 /* Strings.swift in Sources */ = {isa = PBXBuildFile; fileRef = 5B95AB1D2C98C28D00ACA281 /* Strings.swift */; };
		5BCD48192D6E5E9F0053E848 /* ITDemoFirstQuestionView.swift in Sources */ = {isa = PBXBuildFile; fileRef = 5BD9D1802D626AD1003BDB67 /* ITDemoFirstQuestionView.swift */; };
		5BCD481A2D6E5E9F0053E848 /* ITDemoSQResultView.swift in Sources */ = {isa = PBXBuildFile; fileRef = 5BD9D1842D626C68003BDB67 /* ITDemoSQResultView.swift */; };
		5BCD481B2D6E5E9F0053E848 /* InterpretationCategory.swift in Sources */ = {isa = PBXBuildFile; fileRef = 5BA491D52D2177E60035316D /* InterpretationCategory.swift */; };
		5BCD481C2D6E5E9F0053E848 /* ITSessionManager.swift in Sources */ = {isa = PBXBuildFile; fileRef = 5BA491D02D216F570035316D /* ITSessionManager.swift */; };
		5BCD481D2D6E5E9F0053E848 /* AppTab.swift in Sources */ = {isa = PBXBuildFile; fileRef = 5BBC9AEA2BD03D1600170B62 /* AppTab.swift */; };
		5BCD481E2D6E5E9F0053E848 /* SettingsTabRootView.swift in Sources */ = {isa = PBXBuildFile; fileRef = 5B9220FA2BDE882500F96222 /* SettingsTabRootView.swift */; };
		5BCD481F2D6E5E9F0053E848 /* CustomFont.swift in Sources */ = {isa = PBXBuildFile; fileRef = 5B3A37422C7CDA4C0005FAE9 /* CustomFont.swift */; };
		5BCD48202D6E5E9F0053E848 /* ITQuestionDescriptionView.swift in Sources */ = {isa = PBXBuildFile; fileRef = 5B91EC2B2CE13C7100B4A8EA /* ITQuestionDescriptionView.swift */; };
		5BCD48212D6E5E9F0053E848 /* PhotosView.swift in Sources */ = {isa = PBXBuildFile; fileRef = 5BEEFA982C0738DC00AF3445 /* PhotosView.swift */; };
		5BCD48222D6E5E9F0053E848 /* FinishView.swift in Sources */ = {isa = PBXBuildFile; fileRef = 5BEEFA9D2C0739FA00AF3445 /* FinishView.swift */; };
		5BCD48242D6E5E9F0053E848 /* FirebaseCrashlytics in Frameworks */ = {isa = PBXBuildFile; productRef = 5BCD47C92D6E5E9F0053E848 /* FirebaseCrashlytics */; };
		5BCD48252D6E5E9F0053E848 /* FirebaseAnalytics in Frameworks */ = {isa = PBXBuildFile; productRef = 5BCD47C62D6E5E9F0053E848 /* FirebaseAnalytics */; };
		5BCD48262D6E5E9F0053E848 /* FirebaseDatabase in Frameworks */ = {isa = PBXBuildFile; productRef = 5BCD47CA2D6E5E9F0053E848 /* FirebaseDatabase */; };
		5BCD48272D6E5E9F0053E848 /* FirebaseRemoteConfig in Frameworks */ = {isa = PBXBuildFile; productRef = 5BCD47CC2D6E5E9F0053E848 /* FirebaseRemoteConfig */; };
		5BCD48282D6E5E9F0053E848 /* FirebaseStorage in Frameworks */ = {isa = PBXBuildFile; productRef = 5BCD47CD2D6E5E9F0053E848 /* FirebaseStorage */; };
		5BCD48292D6E5E9F0053E848 /* FirebaseFirestore in Frameworks */ = {isa = PBXBuildFile; productRef = 5BCD47CB2D6E5E9F0053E848 /* FirebaseFirestore */; };
		5BCD482A2D6E5E9F0053E848 /* FirebaseAuth in Frameworks */ = {isa = PBXBuildFile; productRef = 5BCD47C82D6E5E9F0053E848 /* FirebaseAuth */; };
		5BCD482C2D6E5E9F0053E848 /* interpretation_all.json in Resources */ = {isa = PBXBuildFile; fileRef = 5BA491CD2D2078C90035316D /* interpretation_all.json */; };
		5BCD482D2D6E5E9F0053E848 /* Preview Assets.xcassets in Resources */ = {isa = PBXBuildFile; fileRef = 5BBC9ABA2BD0304700170B62 /* Preview Assets.xcassets */; };
		5BCD482E2D6E5E9F0053E848 /* Roboto-Italic.ttf in Resources */ = {isa = PBXBuildFile; fileRef = 5BBC9ACC2BD033EC00170B62 /* Roboto-Italic.ttf */; };
		5BCD48302D6E5E9F0053E848 /* interpretation_demo.json in Resources */ = {isa = PBXBuildFile; fileRef = 5BA491CA2D2069ED0035316D /* interpretation_demo.json */; };
		5BCD48312D6E5E9F0053E848 /* Roboto-MediumItalic.ttf in Resources */ = {isa = PBXBuildFile; fileRef = 5BBC9AD62BD033ED00170B62 /* Roboto-MediumItalic.ttf */; };
		5BCD48322D6E5E9F0053E848 /* Roboto-Bold.ttf in Resources */ = {isa = PBXBuildFile; fileRef = 5BBC9ACF2BD033EC00170B62 /* Roboto-Bold.ttf */; };
		5BCD48332D6E5E9F0053E848 /* Roboto-Light.ttf in Resources */ = {isa = PBXBuildFile; fileRef = 5BBC9AD42BD033EC00170B62 /* Roboto-Light.ttf */; };
		5BCD48342D6E5E9F0053E848 /* Roboto-ThinItalic.ttf in Resources */ = {isa = PBXBuildFile; fileRef = 5BBC9AD02BD033EC00170B62 /* Roboto-ThinItalic.ttf */; };
		5BCD48352D6E5E9F0053E848 /* Roboto-LightItalic.ttf in Resources */ = {isa = PBXBuildFile; fileRef = 5BBC9ACE2BD033EC00170B62 /* Roboto-LightItalic.ttf */; };
		5BCD48362D6E5E9F0053E848 /* Assets.xcassets in Resources */ = {isa = PBXBuildFile; fileRef = 5BBC9AB72BD0304700170B62 /* Assets.xcassets */; };
		5BCD48372D6E5E9F0053E848 /* Roboto-Regular.ttf in Resources */ = {isa = PBXBuildFile; fileRef = 5BBC9AD72BD033ED00170B62 /* Roboto-Regular.ttf */; };
		5BCD48382D6E5E9F0053E848 /* Roboto-Black.ttf in Resources */ = {isa = PBXBuildFile; fileRef = 5BBC9ACD2BD033EC00170B62 /* Roboto-Black.ttf */; };
		5BCD48392D6E5E9F0053E848 /* Roboto-Medium.ttf in Resources */ = {isa = PBXBuildFile; fileRef = 5BBC9AD52BD033ED00170B62 /* Roboto-Medium.ttf */; };
		5BCD483A2D6E5E9F0053E848 /* Roboto-BlackItalic.ttf in Resources */ = {isa = PBXBuildFile; fileRef = 5BBC9AD12BD033EC00170B62 /* Roboto-BlackItalic.ttf */; };
		5BCD483B2D6E5E9F0053E848 /* Roboto-BoldItalic.ttf in Resources */ = {isa = PBXBuildFile; fileRef = 5BBC9AD32BD033EC00170B62 /* Roboto-BoldItalic.ttf */; };
		5BCD483C2D6E5E9F0053E848 /* Roboto-Thin.ttf in Resources */ = {isa = PBXBuildFile; fileRef = 5BBC9AD22BD033EC00170B62 /* Roboto-Thin.ttf */; };
		5BD528752CA04E4A0091C88B /* ITWelcomeView.swift in Sources */ = {isa = PBXBuildFile; fileRef = 5BD528742CA04E4A0091C88B /* ITWelcomeView.swift */; };
		5BD528782CA04EAC0091C88B /* ITStep.swift in Sources */ = {isa = PBXBuildFile; fileRef = 5BD528772CA04EAC0091C88B /* ITStep.swift */; };
		5BD5287A2CA053480091C88B /* ITDemoDescriptionView.swift in Sources */ = {isa = PBXBuildFile; fileRef = 5BD528792CA053480091C88B /* ITDemoDescriptionView.swift */; };
		5BD9D1772D6266FD003BDB67 /* ITDemoStep.swift in Sources */ = {isa = PBXBuildFile; fileRef = 5BD9D1762D6266FD003BDB67 /* ITDemoStep.swift */; };
		5BD9D17A2D626889003BDB67 /* ITDemoView.swift in Sources */ = {isa = PBXBuildFile; fileRef = 5BD9D1792D626889003BDB67 /* ITDemoView.swift */; };
		5BD9D17D2D6268AF003BDB67 /* ITDemoViewModel.swift in Sources */ = {isa = PBXBuildFile; fileRef = 5BD9D17C2D6268AF003BDB67 /* ITDemoViewModel.swift */; };
		5BD9D17F2D626A6A003BDB67 /* ITDemoQuestionDescView.swift in Sources */ = {isa = PBXBuildFile; fileRef = 5BD9D17E2D626A6A003BDB67 /* ITDemoQuestionDescView.swift */; };
		5BD9D1812D626AD1003BDB67 /* ITDemoFirstQuestionView.swift in Sources */ = {isa = PBXBuildFile; fileRef = 5BD9D1802D626AD1003BDB67 /* ITDemoFirstQuestionView.swift */; };
		5BD9D1832D626B9E003BDB67 /* ITDemoSecondQuestionView.swift in Sources */ = {isa = PBXBuildFile; fileRef = 5BD9D1822D626B9E003BDB67 /* ITDemoSecondQuestionView.swift */; };
		5BD9D1852D626C68003BDB67 /* ITDemoSQResultView.swift in Sources */ = {isa = PBXBuildFile; fileRef = 5BD9D1842D626C68003BDB67 /* ITDemoSQResultView.swift */; };
		5BDC2E8A2D457ECF0005A94C /* LaunchView.swift in Sources */ = {isa = PBXBuildFile; fileRef = 5BDC2E892D457ECF0005A94C /* LaunchView.swift */; };
		5BE4D2072C709B9900C50419 /* AuthState.swift in Sources */ = {isa = PBXBuildFile; fileRef = 5BE4D2062C709B9900C50419 /* AuthState.swift */; };
		5BEEFA932C07286C00AF3445 /* DescriptionView.swift in Sources */ = {isa = PBXBuildFile; fileRef = 5BEEFA922C07286B00AF3445 /* DescriptionView.swift */; };
		5BEEFA972C0738A100AF3445 /* PlusSignView.swift in Sources */ = {isa = PBXBuildFile; fileRef = 5BEEFA962C0738A100AF3445 /* PlusSignView.swift */; };
		5BEEFA992C0738DC00AF3445 /* PhotosView.swift in Sources */ = {isa = PBXBuildFile; fileRef = 5BEEFA982C0738DC00AF3445 /* PhotosView.swift */; };
		5BEEFA9C2C07399D00AF3445 /* SelectionView.swift in Sources */ = {isa = PBXBuildFile; fileRef = 5BEEFA9B2C07399D00AF3445 /* SelectionView.swift */; };
		5BEEFA9E2C0739FB00AF3445 /* FinishView.swift in Sources */ = {isa = PBXBuildFile; fileRef = 5BEEFA9D2C0739FA00AF3445 /* FinishView.swift */; };
		5BEEFAA12C0745B200AF3445 /* ContributorsView.swift in Sources */ = {isa = PBXBuildFile; fileRef = 5BEEFAA02C0745B200AF3445 /* ContributorsView.swift */; };
		5BEEFAA32C0745C000AF3445 /* ContributorsViewModel.swift in Sources */ = {isa = PBXBuildFile; fileRef = 5BEEFAA22C0745C000AF3445 /* ContributorsViewModel.swift */; };
		5BFB6E9B2D47DD4C0086D4AA /* SessionData.swift in Sources */ = {isa = PBXBuildFile; fileRef = 5BFB6E9A2D47DD4C0086D4AA /* SessionData.swift */; };
		5BFB6E9D2D47DD620086D4AA /* CautionTestData.swift in Sources */ = {isa = PBXBuildFile; fileRef = 5BFB6E9C2D47DD620086D4AA /* CautionTestData.swift */; };
		5BFB6E9F2D47DD7A0086D4AA /* InterpretationTestData.swift in Sources */ = {isa = PBXBuildFile; fileRef = 5BFB6E9E2D47DD7A0086D4AA /* InterpretationTestData.swift */; };
		5BFB6EA12D47DDB00086D4AA /* SessionManager.swift in Sources */ = {isa = PBXBuildFile; fileRef = 5BFB6EA02D47DDB00086D4AA /* SessionManager.swift */; };
		5BFDB5262C0E416A00E7607B /* RegisterView.swift in Sources */ = {isa = PBXBuildFile; fileRef = 5BFDB5252C0E416A00E7607B /* RegisterView.swift */; };
		5BFDB5282C0E417E00E7607B /* RegisterViewModel.swift in Sources */ = {isa = PBXBuildFile; fileRef = 5BFDB5272C0E417E00E7607B /* RegisterViewModel.swift */; };
/* End PBXBuildFile section */

/* Begin PBXFileReference section */
		5B1BE4782CE66A39000AC960 /* ITSecondQuestionResultView.swift */ = {isa = PBXFileReference; lastKnownFileType = sourcecode.swift; path = ITSecondQuestionResultView.swift; sourceTree = "<group>"; };
		5B2490852C0E5AF40052F8BB /* InputFieldView.swift */ = {isa = PBXFileReference; lastKnownFileType = sourcecode.swift; path = InputFieldView.swift; sourceTree = "<group>"; };
		5B2490872C0E5BFD0052F8BB /* PasswordInputFieldView.swift */ = {isa = PBXFileReference; lastKnownFileType = sourcecode.swift; path = PasswordInputFieldView.swift; sourceTree = "<group>"; };
		5B2A8F1A2D356BF0007A36CA /* ITSessionFinishView.swift */ = {isa = PBXFileReference; lastKnownFileType = sourcecode.swift; path = ITSessionFinishView.swift; sourceTree = "<group>"; };
		5B3040DD2D74D0E80022C32C /* GoogleService-Info_1B.plist */ = {isa = PBXFileReference; lastKnownFileType = text.plist.xml; path = "GoogleService-Info_1B.plist"; sourceTree = "<group>"; };
		5B3353C12CE284160055759D /* ITFirstQuestionView.swift */ = {isa = PBXFileReference; lastKnownFileType = sourcecode.swift; path = ITFirstQuestionView.swift; sourceTree = "<group>"; };
		5B3353C32CE287AB0055759D /* AnswerTextFieldView.swift */ = {isa = PBXFileReference; lastKnownFileType = sourcecode.swift; path = AnswerTextFieldView.swift; sourceTree = "<group>"; };
		5B3353C72CE291F00055759D /* ITSecondQuestionView.swift */ = {isa = PBXFileReference; lastKnownFileType = sourcecode.swift; path = ITSecondQuestionView.swift; sourceTree = "<group>"; };
		5B3A373E2C7CD9BE0005FAE9 /* CTStep.swift */ = {isa = PBXFileReference; lastKnownFileType = sourcecode.swift; path = CTStep.swift; sourceTree = "<group>"; };
		5B3A37402C7CD9FA0005FAE9 /* FontStyle.swift */ = {isa = PBXFileReference; lastKnownFileType = sourcecode.swift; path = FontStyle.swift; sourceTree = "<group>"; };
		5B3A37422C7CDA4C0005FAE9 /* CustomFont.swift */ = {isa = PBXFileReference; lastKnownFileType = sourcecode.swift; path = CustomFont.swift; sourceTree = "<group>"; };
		5B4228852D5E62F400C1C261 /* CTImage.swift */ = {isa = PBXFileReference; lastKnownFileType = sourcecode.swift; path = CTImage.swift; sourceTree = "<group>"; };
		5B4228872D5E644200C1C261 /* TrialItem.swift */ = {isa = PBXFileReference; lastKnownFileType = sourcecode.swift; path = TrialItem.swift; sourceTree = "<group>"; };
		5B6E64522D3405C000816A35 /* ITDemoFinishView.swift */ = {isa = PBXFileReference; lastKnownFileType = sourcecode.swift; path = ITDemoFinishView.swift; sourceTree = "<group>"; };
		5B6E64542D3405DE00816A35 /* ITSessionDescriptionView.swift */ = {isa = PBXFileReference; lastKnownFileType = sourcecode.swift; path = ITSessionDescriptionView.swift; sourceTree = "<group>"; };
		5B83F02B2C8E3AA5001D52BA /* Task++.swift */ = {isa = PBXFileReference; lastKnownFileType = sourcecode.swift; path = "Task++.swift"; sourceTree = "<group>"; };
		5B8D7A002C73A69900544E49 /* TestStatus.swift */ = {isa = PBXFileReference; lastKnownFileType = sourcecode.swift; path = TestStatus.swift; sourceTree = "<group>"; };
		5B91EC242CE12ACC00B4A8EA /* Image++.swift */ = {isa = PBXFileReference; lastKnownFileType = sourcecode.swift; path = "Image++.swift"; sourceTree = "<group>"; };
		5B91EC262CE12E8100B4A8EA /* BackButton.swift */ = {isa = PBXFileReference; lastKnownFileType = sourcecode.swift; path = BackButton.swift; sourceTree = "<group>"; };
		5B91EC2B2CE13C7100B4A8EA /* ITQuestionDescriptionView.swift */ = {isa = PBXFileReference; lastKnownFileType = sourcecode.swift; path = ITQuestionDescriptionView.swift; sourceTree = "<group>"; };
		5B91EC2F2CE13FF300B4A8EA /* Category.swift */ = {isa = PBXFileReference; lastKnownFileType = sourcecode.swift; path = Category.swift; sourceTree = "<group>"; };
		5B91EC312CE140AE00B4A8EA /* Answer.swift */ = {isa = PBXFileReference; lastKnownFileType = sourcecode.swift; path = Answer.swift; sourceTree = "<group>"; };
		5B9220F82BDE85E100F96222 /* SettingsTabRootViewModel.swift */ = {isa = PBXFileReference; lastKnownFileType = sourcecode.swift; path = SettingsTabRootViewModel.swift; sourceTree = "<group>"; };
		5B9220FA2BDE882500F96222 /* SettingsTabRootView.swift */ = {isa = PBXFileReference; lastKnownFileType = sourcecode.swift; path = SettingsTabRootView.swift; sourceTree = "<group>"; };
		5B9220FC2BDE8F1B00F96222 /* SettingsTabView.swift */ = {isa = PBXFileReference; lastKnownFileType = sourcecode.swift; path = SettingsTabView.swift; sourceTree = "<group>"; };
		5B9221022BDEB13600F96222 /* CautionTestViewModel.swift */ = {isa = PBXFileReference; lastKnownFileType = sourcecode.swift; path = CautionTestViewModel.swift; sourceTree = "<group>"; };
		5B9221042BDEB1FE00F96222 /* CautionTestView.swift */ = {isa = PBXFileReference; lastKnownFileType = sourcecode.swift; path = CautionTestView.swift; sourceTree = "<group>"; };
		5B95AB1D2C98C28D00ACA281 /* Strings.swift */ = {isa = PBXFileReference; lastKnownFileType = sourcecode.swift; path = Strings.swift; sourceTree = "<group>"; };
		5B9A4F852C7249AE00F22E6F /* AuthManager.swift */ = {isa = PBXFileReference; lastKnownFileType = sourcecode.swift; path = AuthManager.swift; sourceTree = "<group>"; };
		5B9A4F872C726D4F00F22E6F /* AuthError.swift */ = {isa = PBXFileReference; lastKnownFileType = sourcecode.swift; path = AuthError.swift; sourceTree = "<group>"; };
		5B9CB6092BF53FDB00055481 /* InterpretationTestViewModel.swift */ = {isa = PBXFileReference; lastKnownFileType = sourcecode.swift; path = InterpretationTestViewModel.swift; sourceTree = "<group>"; };
		5B9CB60B2BF53FE700055481 /* InterpretationTestView.swift */ = {isa = PBXFileReference; lastKnownFileType = sourcecode.swift; path = InterpretationTestView.swift; sourceTree = "<group>"; };
		5BA491CA2D2069ED0035316D /* interpretation_demo.json */ = {isa = PBXFileReference; lastKnownFileType = text.json; path = interpretation_demo.json; sourceTree = "<group>"; };
		5BA491CD2D2078C90035316D /* interpretation_all.json */ = {isa = PBXFileReference; lastKnownFileType = text.json; path = interpretation_all.json; sourceTree = "<group>"; };
		5BA491D02D216F570035316D /* ITSessionManager.swift */ = {isa = PBXFileReference; lastKnownFileType = sourcecode.swift; path = ITSessionManager.swift; sourceTree = "<group>"; };
		5BA491D32D2177B80035316D /* Question.swift */ = {isa = PBXFileReference; lastKnownFileType = sourcecode.swift; path = Question.swift; sourceTree = "<group>"; };
		5BA491D52D2177E60035316D /* InterpretationCategory.swift */ = {isa = PBXFileReference; lastKnownFileType = sourcecode.swift; path = InterpretationCategory.swift; sourceTree = "<group>"; };
		5BAE05E32D58E4450001AD8E /* Date+.swift */ = {isa = PBXFileReference; lastKnownFileType = sourcecode.swift; path = "Date+.swift"; sourceTree = "<group>"; };
		5BB433042C962B10001A1BB9 /* ArrowDirection.swift */ = {isa = PBXFileReference; lastKnownFileType = sourcecode.swift; path = ArrowDirection.swift; sourceTree = "<group>"; };
		5BB433062C962B3F001A1BB9 /* Position.swift */ = {isa = PBXFileReference; lastKnownFileType = sourcecode.swift; path = Position.swift; sourceTree = "<group>"; };
		5BBC9AB02BD0304200170B62 /* Clinical Psychology 1-A.app */ = {isa = PBXFileReference; explicitFileType = wrapper.application; includeInIndex = 0; path = "Clinical Psychology 1-A.app"; sourceTree = BUILT_PRODUCTS_DIR; };
		5BBC9AB32BD0304200170B62 /* Clinical_Psychology_1_App.swift */ = {isa = PBXFileReference; lastKnownFileType = sourcecode.swift; path = Clinical_Psychology_1_App.swift; sourceTree = "<group>"; };
		5BBC9AB52BD0304200170B62 /* AppView.swift */ = {isa = PBXFileReference; lastKnownFileType = sourcecode.swift; path = AppView.swift; sourceTree = "<group>"; };
		5BBC9AB72BD0304700170B62 /* Assets.xcassets */ = {isa = PBXFileReference; lastKnownFileType = folder.assetcatalog; path = Assets.xcassets; sourceTree = "<group>"; };
		5BBC9ABA2BD0304700170B62 /* Preview Assets.xcassets */ = {isa = PBXFileReference; lastKnownFileType = folder.assetcatalog; path = "Preview Assets.xcassets"; sourceTree = "<group>"; };
		5BBC9AC12BD0311E00170B62 /* 1A_info.plist */ = {isa = PBXFileReference; lastKnownFileType = text.plist.xml; path = 1A_info.plist; sourceTree = SOURCE_ROOT; };
		5BBC9ACC2BD033EC00170B62 /* Roboto-Italic.ttf */ = {isa = PBXFileReference; lastKnownFileType = file; path = "Roboto-Italic.ttf"; sourceTree = "<group>"; };
		5BBC9ACD2BD033EC00170B62 /* Roboto-Black.ttf */ = {isa = PBXFileReference; lastKnownFileType = file; path = "Roboto-Black.ttf"; sourceTree = "<group>"; };
		5BBC9ACE2BD033EC00170B62 /* Roboto-LightItalic.ttf */ = {isa = PBXFileReference; lastKnownFileType = file; path = "Roboto-LightItalic.ttf"; sourceTree = "<group>"; };
		5BBC9ACF2BD033EC00170B62 /* Roboto-Bold.ttf */ = {isa = PBXFileReference; lastKnownFileType = file; path = "Roboto-Bold.ttf"; sourceTree = "<group>"; };
		5BBC9AD02BD033EC00170B62 /* Roboto-ThinItalic.ttf */ = {isa = PBXFileReference; lastKnownFileType = file; path = "Roboto-ThinItalic.ttf"; sourceTree = "<group>"; };
		5BBC9AD12BD033EC00170B62 /* Roboto-BlackItalic.ttf */ = {isa = PBXFileReference; lastKnownFileType = file; path = "Roboto-BlackItalic.ttf"; sourceTree = "<group>"; };
		5BBC9AD22BD033EC00170B62 /* Roboto-Thin.ttf */ = {isa = PBXFileReference; lastKnownFileType = file; path = "Roboto-Thin.ttf"; sourceTree = "<group>"; };
		5BBC9AD32BD033EC00170B62 /* Roboto-BoldItalic.ttf */ = {isa = PBXFileReference; lastKnownFileType = file; path = "Roboto-BoldItalic.ttf"; sourceTree = "<group>"; };
		5BBC9AD42BD033EC00170B62 /* Roboto-Light.ttf */ = {isa = PBXFileReference; lastKnownFileType = file; path = "Roboto-Light.ttf"; sourceTree = "<group>"; };
		5BBC9AD52BD033ED00170B62 /* Roboto-Medium.ttf */ = {isa = PBXFileReference; lastKnownFileType = file; path = "Roboto-Medium.ttf"; sourceTree = "<group>"; };
		5BBC9AD62BD033ED00170B62 /* Roboto-MediumItalic.ttf */ = {isa = PBXFileReference; lastKnownFileType = file; path = "Roboto-MediumItalic.ttf"; sourceTree = "<group>"; };
		5BBC9AD72BD033ED00170B62 /* Roboto-Regular.ttf */ = {isa = PBXFileReference; lastKnownFileType = file; path = "Roboto-Regular.ttf"; sourceTree = "<group>"; };
		5BBC9AE42BD03BBB00170B62 /* AppCordinator.swift */ = {isa = PBXFileReference; lastKnownFileType = sourcecode.swift; path = AppCordinator.swift; sourceTree = "<group>"; };
		5BBC9AE82BD03CB300170B62 /* AppState.swift */ = {isa = PBXFileReference; lastKnownFileType = sourcecode.swift; path = AppState.swift; sourceTree = "<group>"; };
		5BBC9AEA2BD03D1600170B62 /* AppTab.swift */ = {isa = PBXFileReference; lastKnownFileType = sourcecode.swift; path = AppTab.swift; sourceTree = "<group>"; };
		5BBC9AEC2BD03D4700170B62 /* AppNavigationDestination.swift */ = {isa = PBXFileReference; lastKnownFileType = sourcecode.swift; path = AppNavigationDestination.swift; sourceTree = "<group>"; };
		5BBC9AEE2BD03D8B00170B62 /* CustomTextFieldStyle.swift */ = {isa = PBXFileReference; lastKnownFileType = sourcecode.swift; path = CustomTextFieldStyle.swift; sourceTree = "<group>"; };
		5BBC9AF02BD03DC400170B62 /* CustomButtonStyle.swift */ = {isa = PBXFileReference; lastKnownFileType = sourcecode.swift; path = CustomButtonStyle.swift; sourceTree = "<group>"; };
		5BBC9AF32BD03E3900170B62 /* UIFont+.swift */ = {isa = PBXFileReference; lastKnownFileType = sourcecode.swift; path = "UIFont+.swift"; sourceTree = "<group>"; };
		5BBC9AF52BD03E6300170B62 /* Spacer+.swift */ = {isa = PBXFileReference; lastKnownFileType = sourcecode.swift; path = "Spacer+.swift"; sourceTree = "<group>"; };
		5BBC9AF72BD03E9500170B62 /* View+.swift */ = {isa = PBXFileReference; lastKnownFileType = sourcecode.swift; path = "View+.swift"; sourceTree = "<group>"; };
		5BBC9AF92BD03F0200170B62 /* ButtonStyle+.swift */ = {isa = PBXFileReference; lastKnownFileType = sourcecode.swift; path = "ButtonStyle+.swift"; sourceTree = "<group>"; };
		5BBC9AFF2BD0405500170B62 /* TabBarView.swift */ = {isa = PBXFileReference; lastKnownFileType = sourcecode.swift; path = TabBarView.swift; sourceTree = "<group>"; };
		5BBC9B012BD0416100170B62 /* BackgroundView.swift */ = {isa = PBXFileReference; lastKnownFileType = sourcecode.swift; path = BackgroundView.swift; sourceTree = "<group>"; };
		5BBC9B032BD0419400170B62 /* LoginTextFieldView.swift */ = {isa = PBXFileReference; lastKnownFileType = sourcecode.swift; path = LoginTextFieldView.swift; sourceTree = "<group>"; };
		5BBC9B052BD041D800170B62 /* CustomButtonView.swift */ = {isa = PBXFileReference; lastKnownFileType = sourcecode.swift; path = CustomButtonView.swift; sourceTree = "<group>"; };
		5BBC9B072BD0424000170B62 /* LoginViewModel.swift */ = {isa = PBXFileReference; lastKnownFileType = sourcecode.swift; path = LoginViewModel.swift; sourceTree = "<group>"; };
		5BBC9B092BD0427400170B62 /* LoginView.swift */ = {isa = PBXFileReference; lastKnownFileType = sourcecode.swift; path = LoginView.swift; sourceTree = "<group>"; };
		5BBC9B0B2BD059AD00170B62 /* GoogleService-Info.plist */ = {isa = PBXFileReference; fileEncoding = 4; lastKnownFileType = text.plist.xml; path = "GoogleService-Info.plist"; sourceTree = "<group>"; };
		5BBC9B442BD05B1900170B62 /* FirebaseGateway.swift */ = {isa = PBXFileReference; lastKnownFileType = sourcecode.swift; path = FirebaseGateway.swift; sourceTree = "<group>"; };
		5BBC9B472BD0601100170B62 /* HomeTabView.swift */ = {isa = PBXFileReference; lastKnownFileType = sourcecode.swift; path = HomeTabView.swift; sourceTree = "<group>"; };
		5BBC9B492BD0604800170B62 /* HomeTabRootView.swift */ = {isa = PBXFileReference; lastKnownFileType = sourcecode.swift; path = HomeTabRootView.swift; sourceTree = "<group>"; };
		5BBC9B4B2BD0608100170B62 /* HomeTabRootViewModel.swift */ = {isa = PBXFileReference; lastKnownFileType = sourcecode.swift; path = HomeTabRootViewModel.swift; sourceTree = "<group>"; };
		5BCD48402D6E5E9F0053E848 /* Clinical Psychology 1-B.app */ = {isa = PBXFileReference; explicitFileType = wrapper.application; includeInIndex = 0; path = "Clinical Psychology 1-B.app"; sourceTree = BUILT_PRODUCTS_DIR; };
		5BCD48412D6E5E9F0053E848 /* 1B_info.plist */ = {isa = PBXFileReference; lastKnownFileType = text.plist.xml; path = 1B_info.plist; sourceTree = SOURCE_ROOT; };
		5BD528742CA04E4A0091C88B /* ITWelcomeView.swift */ = {isa = PBXFileReference; lastKnownFileType = sourcecode.swift; path = ITWelcomeView.swift; sourceTree = "<group>"; };
		5BD528772CA04EAC0091C88B /* ITStep.swift */ = {isa = PBXFileReference; lastKnownFileType = sourcecode.swift; path = ITStep.swift; sourceTree = "<group>"; };
		5BD528792CA053480091C88B /* ITDemoDescriptionView.swift */ = {isa = PBXFileReference; lastKnownFileType = sourcecode.swift; path = ITDemoDescriptionView.swift; sourceTree = "<group>"; };
		5BD9D1762D6266FD003BDB67 /* ITDemoStep.swift */ = {isa = PBXFileReference; lastKnownFileType = sourcecode.swift; path = ITDemoStep.swift; sourceTree = "<group>"; };
		5BD9D1792D626889003BDB67 /* ITDemoView.swift */ = {isa = PBXFileReference; lastKnownFileType = sourcecode.swift; path = ITDemoView.swift; sourceTree = "<group>"; };
		5BD9D17C2D6268AF003BDB67 /* ITDemoViewModel.swift */ = {isa = PBXFileReference; lastKnownFileType = sourcecode.swift; path = ITDemoViewModel.swift; sourceTree = "<group>"; };
		5BD9D17E2D626A6A003BDB67 /* ITDemoQuestionDescView.swift */ = {isa = PBXFileReference; lastKnownFileType = sourcecode.swift; path = ITDemoQuestionDescView.swift; sourceTree = "<group>"; };
		5BD9D1802D626AD1003BDB67 /* ITDemoFirstQuestionView.swift */ = {isa = PBXFileReference; lastKnownFileType = sourcecode.swift; path = ITDemoFirstQuestionView.swift; sourceTree = "<group>"; };
		5BD9D1822D626B9E003BDB67 /* ITDemoSecondQuestionView.swift */ = {isa = PBXFileReference; lastKnownFileType = sourcecode.swift; path = ITDemoSecondQuestionView.swift; sourceTree = "<group>"; };
		5BD9D1842D626C68003BDB67 /* ITDemoSQResultView.swift */ = {isa = PBXFileReference; lastKnownFileType = sourcecode.swift; path = ITDemoSQResultView.swift; sourceTree = "<group>"; };
		5BDC2E892D457ECF0005A94C /* LaunchView.swift */ = {isa = PBXFileReference; lastKnownFileType = sourcecode.swift; path = LaunchView.swift; sourceTree = "<group>"; };
		5BE4D2062C709B9900C50419 /* AuthState.swift */ = {isa = PBXFileReference; lastKnownFileType = sourcecode.swift; path = AuthState.swift; sourceTree = "<group>"; };
		5BEEFA922C07286B00AF3445 /* DescriptionView.swift */ = {isa = PBXFileReference; lastKnownFileType = sourcecode.swift; path = DescriptionView.swift; sourceTree = "<group>"; };
		5BEEFA962C0738A100AF3445 /* PlusSignView.swift */ = {isa = PBXFileReference; lastKnownFileType = sourcecode.swift; path = PlusSignView.swift; sourceTree = "<group>"; };
		5BEEFA982C0738DC00AF3445 /* PhotosView.swift */ = {isa = PBXFileReference; lastKnownFileType = sourcecode.swift; path = PhotosView.swift; sourceTree = "<group>"; };
		5BEEFA9B2C07399D00AF3445 /* SelectionView.swift */ = {isa = PBXFileReference; lastKnownFileType = sourcecode.swift; path = SelectionView.swift; sourceTree = "<group>"; };
		5BEEFA9D2C0739FA00AF3445 /* FinishView.swift */ = {isa = PBXFileReference; lastKnownFileType = sourcecode.swift; path = FinishView.swift; sourceTree = "<group>"; };
		5BEEFAA02C0745B200AF3445 /* ContributorsView.swift */ = {isa = PBXFileReference; lastKnownFileType = sourcecode.swift; path = ContributorsView.swift; sourceTree = "<group>"; };
		5BEEFAA22C0745C000AF3445 /* ContributorsViewModel.swift */ = {isa = PBXFileReference; lastKnownFileType = sourcecode.swift; path = ContributorsViewModel.swift; sourceTree = "<group>"; };
		5BFB6E9A2D47DD4C0086D4AA /* SessionData.swift */ = {isa = PBXFileReference; lastKnownFileType = sourcecode.swift; path = SessionData.swift; sourceTree = "<group>"; };
		5BFB6E9C2D47DD620086D4AA /* CautionTestData.swift */ = {isa = PBXFileReference; lastKnownFileType = sourcecode.swift; path = CautionTestData.swift; sourceTree = "<group>"; };
		5BFB6E9E2D47DD7A0086D4AA /* InterpretationTestData.swift */ = {isa = PBXFileReference; lastKnownFileType = sourcecode.swift; path = InterpretationTestData.swift; sourceTree = "<group>"; };
		5BFB6EA02D47DDB00086D4AA /* SessionManager.swift */ = {isa = PBXFileReference; lastKnownFileType = sourcecode.swift; path = SessionManager.swift; sourceTree = "<group>"; };
		5BFDB5252C0E416A00E7607B /* RegisterView.swift */ = {isa = PBXFileReference; lastKnownFileType = sourcecode.swift; path = RegisterView.swift; sourceTree = "<group>"; };
		5BFDB5272C0E417E00E7607B /* RegisterViewModel.swift */ = {isa = PBXFileReference; lastKnownFileType = sourcecode.swift; path = RegisterViewModel.swift; sourceTree = "<group>"; };
/* End PBXFileReference section */

/* Begin PBXFrameworksBuildPhase section */
		5BBC9AAD2BD0304200170B62 /* Frameworks */ = {
			isa = PBXFrameworksBuildPhase;
			buildActionMask = 2147483647;
			files = (
				5B8D79F72C73090200544E49 /* FirebaseCrashlytics in Frameworks */,
				5B8D79F32C73090200544E49 /* FirebaseAnalytics in Frameworks */,
				5B8D79F92C73090200544E49 /* FirebaseDatabase in Frameworks */,
				5B8D79FD2C73090200544E49 /* FirebaseRemoteConfig in Frameworks */,
				5B8D79FF2C73090200544E49 /* FirebaseStorage in Frameworks */,
				5B8D79FB2C73090200544E49 /* FirebaseFirestore in Frameworks */,
				5B8D79F52C73090200544E49 /* FirebaseAuth in Frameworks */,
			);
			runOnlyForDeploymentPostprocessing = 0;
		};
		5BCD48232D6E5E9F0053E848 /* Frameworks */ = {
			isa = PBXFrameworksBuildPhase;
			buildActionMask = 2147483647;
			files = (
				5BCD48242D6E5E9F0053E848 /* FirebaseCrashlytics in Frameworks */,
				5BCD48252D6E5E9F0053E848 /* FirebaseAnalytics in Frameworks */,
				5BCD48262D6E5E9F0053E848 /* FirebaseDatabase in Frameworks */,
				5BCD48272D6E5E9F0053E848 /* FirebaseRemoteConfig in Frameworks */,
				5BCD48282D6E5E9F0053E848 /* FirebaseStorage in Frameworks */,
				5BCD48292D6E5E9F0053E848 /* FirebaseFirestore in Frameworks */,
				5BCD482A2D6E5E9F0053E848 /* FirebaseAuth in Frameworks */,
			);
			runOnlyForDeploymentPostprocessing = 0;
		};
/* End PBXFrameworksBuildPhase section */

/* Begin PBXGroup section */
		5B4625692BD94EEB009E3EEE /* Settings */ = {
			isa = PBXGroup;
			children = (
				5BD9D1752D626358003BDB67 /* Demo Mode */,
				5BEEFA9F2C07457400AF3445 /* Contributors */,
				5B9220FC2BDE8F1B00F96222 /* SettingsTabView.swift */,
				5B9220FA2BDE882500F96222 /* SettingsTabRootView.swift */,
				5B9220F82BDE85E100F96222 /* SettingsTabRootViewModel.swift */,
			);
			path = Settings;
			sourceTree = "<group>";
		};
		5B91EC282CE1312400B4A8EA /* Auth */ = {
			isa = PBXGroup;
			children = (
				5B9A4F872C726D4F00F22E6F /* AuthError.swift */,
				5BE4D2062C709B9900C50419 /* AuthState.swift */,
			);
			path = Auth;
			sourceTree = "<group>";
		};
		5B91EC292CE1314100B4A8EA /* Test */ = {
			isa = PBXGroup;
			children = (
				5B91EC2E2CE13FCF00B4A8EA /* Caution */,
				5B91EC2D2CE13FBF00B4A8EA /* Interpretation */,
				5BD9D1782D626760003BDB67 /* Interpretation Demo */,
				5B8D7A002C73A69900544E49 /* TestStatus.swift */,
			);
			path = Test;
			sourceTree = "<group>";
		};
		5B91EC2A2CE1317400B4A8EA /* Style */ = {
			isa = PBXGroup;
			children = (
				5BBC9AF02BD03DC400170B62 /* CustomButtonStyle.swift */,
				5B3A37422C7CDA4C0005FAE9 /* CustomFont.swift */,
				5BBC9AEE2BD03D8B00170B62 /* CustomTextFieldStyle.swift */,
				5B3A37402C7CD9FA0005FAE9 /* FontStyle.swift */,
			);
			path = Style;
			sourceTree = "<group>";
		};
		5B91EC2D2CE13FBF00B4A8EA /* Interpretation */ = {
			isa = PBXGroup;
			children = (
				5B91EC312CE140AE00B4A8EA /* Answer.swift */,
				5B91EC2F2CE13FF300B4A8EA /* Category.swift */,
				5BD528772CA04EAC0091C88B /* ITStep.swift */,
			);
			path = Interpretation;
			sourceTree = "<group>";
		};
		5B91EC2E2CE13FCF00B4A8EA /* Caution */ = {
			isa = PBXGroup;
			children = (
				5BB433042C962B10001A1BB9 /* ArrowDirection.swift */,
				5B3A373E2C7CD9BE0005FAE9 /* CTStep.swift */,
				5BB433062C962B3F001A1BB9 /* Position.swift */,
				5B4228852D5E62F400C1C261 /* CTImage.swift */,
				5B4228872D5E644200C1C261 /* TrialItem.swift */,
			);
			path = Caution;
			sourceTree = "<group>";
		};
		5B9220FE2BDEB0D800F96222 /* Caution Test */ = {
			isa = PBXGroup;
			children = (
				5BEEFA9A2C07391E00AF3445 /* StepViews */,
				5B9221042BDEB1FE00F96222 /* CautionTestView.swift */,
				5B9221022BDEB13600F96222 /* CautionTestViewModel.swift */,
			);
			path = "Caution Test";
			sourceTree = "<group>";
		};
		5B9220FF2BDEB0DF00F96222 /* Interpretation Test */ = {
			isa = PBXGroup;
			children = (
				5BD528762CA04E4E0091C88B /* StepViews */,
				5B9CB60B2BF53FE700055481 /* InterpretationTestView.swift */,
				5B9CB6092BF53FDB00055481 /* InterpretationTestViewModel.swift */,
			);
			path = "Interpretation Test";
			sourceTree = "<group>";
		};
		5B9A4F842C72499800F22E6F /* Manager */ = {
			isa = PBXGroup;
			children = (
				5B9A4F852C7249AE00F22E6F /* AuthManager.swift */,
				5BA491D02D216F570035316D /* ITSessionManager.swift */,
				5BFB6EA02D47DDB00086D4AA /* SessionManager.swift */,
			);
			path = Manager;
			sourceTree = "<group>";
		};
		5BA491CC2D206A110035316D /* Data */ = {
			isa = PBXGroup;
			children = (
				5BA491CD2D2078C90035316D /* interpretation_all.json */,
				5BA491CA2D2069ED0035316D /* interpretation_demo.json */,
			);
			path = Data;
			sourceTree = "<group>";
		};
		5BA491D22D2177A10035316D /* Model */ = {
			isa = PBXGroup;
			children = (
				5BFB6E992D47DD300086D4AA /* Data */,
				5BA491D52D2177E60035316D /* InterpretationCategory.swift */,
				5BA491D32D2177B80035316D /* Question.swift */,
			);
			path = Model;
			sourceTree = "<group>";
		};
		5BBC9AA72BD0304200170B62 = {
			isa = PBXGroup;
			children = (
				5BBC9AB22BD0304200170B62 /* Clinical Psychology */,
				5BBC9AB12BD0304200170B62 /* Products */,
			);
			sourceTree = "<group>";
		};
		5BBC9AB12BD0304200170B62 /* Products */ = {
			isa = PBXGroup;
			children = (
				5BBC9AB02BD0304200170B62 /* Clinical Psychology 1-A.app */,
				5BCD48402D6E5E9F0053E848 /* Clinical Psychology 1-B.app */,
			);
			name = Products;
			sourceTree = "<group>";
		};
		5BBC9AB22BD0304200170B62 /* Clinical Psychology */ = {
			isa = PBXGroup;
			children = (
				5BBC9B0B2BD059AD00170B62 /* GoogleService-Info.plist */,
				5B3040DD2D74D0E80022C32C /* GoogleService-Info_1B.plist */,
				5BBC9AC12BD0311E00170B62 /* 1A_info.plist */,
				5BCD48412D6E5E9F0053E848 /* 1B_info.plist */,
				5BBC9AC92BD0332D00170B62 /* AppState */,
				5BA491CC2D206A110035316D /* Data */,
				5BBC9AC82BD0331C00170B62 /* Enums */,
				5B9A4F842C72499800F22E6F /* Manager */,
				5BA491D22D2177A10035316D /* Model */,
				5BBC9AC22BD031F000170B62 /* Presentation */,
				5BBC9AC72BD0330C00170B62 /* UIHelpers */,
				5BBC9ACA2BD0333F00170B62 /* Resources */,
				5BBC9AE42BD03BBB00170B62 /* AppCordinator.swift */,
				5BBC9AB32BD0304200170B62 /* Clinical_Psychology_1_App.swift */,
				5BBC9B442BD05B1900170B62 /* FirebaseGateway.swift */,
			);
			path = "Clinical Psychology";
			sourceTree = "<group>";
		};
		5BBC9AB92BD0304700170B62 /* Preview Content */ = {
			isa = PBXGroup;
			children = (
				5BBC9ABA2BD0304700170B62 /* Preview Assets.xcassets */,
			);
			path = "Preview Content";
			sourceTree = "<group>";
		};
		5BBC9AC22BD031F000170B62 /* Presentation */ = {
			isa = PBXGroup;
			children = (
				5BBC9AC32BD0327B00170B62 /* Modules */,
			);
			path = Presentation;
			sourceTree = "<group>";
		};
		5BBC9AC32BD0327B00170B62 /* Modules */ = {
			isa = PBXGroup;
			children = (
				5BBC9AC62BD032EC00170B62 /* Base */,
				5BBC9AC42BD0329000170B62 /* Components */,
				5BBC9B462BD05FE300170B62 /* Home */,
				5BBC9AC52BD032A700170B62 /* Login */,
				5BFDB5242C0E402C00E7607B /* Register */,
				5B4625692BD94EEB009E3EEE /* Settings */,
			);
			path = Modules;
			sourceTree = "<group>";
		};
		5BBC9AC42BD0329000170B62 /* Components */ = {
			isa = PBXGroup;
			children = (
				5B3353C32CE287AB0055759D /* AnswerTextFieldView.swift */,
				5BBC9B012BD0416100170B62 /* BackgroundView.swift */,
				5BBC9B052BD041D800170B62 /* CustomButtonView.swift */,
				5B2490852C0E5AF40052F8BB /* InputFieldView.swift */,
				5BBC9B032BD0419400170B62 /* LoginTextFieldView.swift */,
				5B2490872C0E5BFD0052F8BB /* PasswordInputFieldView.swift */,
			);
			path = Components;
			sourceTree = "<group>";
		};
		5BBC9AC52BD032A700170B62 /* Login */ = {
			isa = PBXGroup;
			children = (
				5BBC9B092BD0427400170B62 /* LoginView.swift */,
				5BBC9B072BD0424000170B62 /* LoginViewModel.swift */,
			);
			path = Login;
			sourceTree = "<group>";
		};
		5BBC9AC62BD032EC00170B62 /* Base */ = {
			isa = PBXGroup;
			children = (
				5BBC9AB52BD0304200170B62 /* AppView.swift */,
				5BBC9AFF2BD0405500170B62 /* TabBarView.swift */,
				5BDC2E892D457ECF0005A94C /* LaunchView.swift */,
			);
			path = Base;
			sourceTree = "<group>";
		};
		5BBC9AC72BD0330C00170B62 /* UIHelpers */ = {
			isa = PBXGroup;
			children = (
				5BBC9AF22BD03DED00170B62 /* Extensions */,
				5B91EC262CE12E8100B4A8EA /* BackButton.swift */,
				5B95AB1D2C98C28D00ACA281 /* Strings.swift */,
			);
			path = UIHelpers;
			sourceTree = "<group>";
		};
		5BBC9AC82BD0331C00170B62 /* Enums */ = {
			isa = PBXGroup;
			children = (
				5B91EC282CE1312400B4A8EA /* Auth */,
				5B91EC2A2CE1317400B4A8EA /* Style */,
				5B91EC292CE1314100B4A8EA /* Test */,
				5BBC9AEC2BD03D4700170B62 /* AppNavigationDestination.swift */,
				5BBC9AEA2BD03D1600170B62 /* AppTab.swift */,
			);
			path = Enums;
			sourceTree = "<group>";
		};
		5BBC9AC92BD0332D00170B62 /* AppState */ = {
			isa = PBXGroup;
			children = (
				5BBC9AE82BD03CB300170B62 /* AppState.swift */,
			);
			path = AppState;
			sourceTree = "<group>";
		};
		5BBC9ACA2BD0333F00170B62 /* Resources */ = {
			isa = PBXGroup;
			children = (
				5BBC9ACB2BD033CD00170B62 /* Fonts */,
				5BBC9AB72BD0304700170B62 /* Assets.xcassets */,
				5BBC9AB92BD0304700170B62 /* Preview Content */,
			);
			path = Resources;
			sourceTree = "<group>";
		};
		5BBC9ACB2BD033CD00170B62 /* Fonts */ = {
			isa = PBXGroup;
			children = (
				5BBC9ACD2BD033EC00170B62 /* Roboto-Black.ttf */,
				5BBC9AD12BD033EC00170B62 /* Roboto-BlackItalic.ttf */,
				5BBC9ACF2BD033EC00170B62 /* Roboto-Bold.ttf */,
				5BBC9AD32BD033EC00170B62 /* Roboto-BoldItalic.ttf */,
				5BBC9ACC2BD033EC00170B62 /* Roboto-Italic.ttf */,
				5BBC9AD42BD033EC00170B62 /* Roboto-Light.ttf */,
				5BBC9ACE2BD033EC00170B62 /* Roboto-LightItalic.ttf */,
				5BBC9AD52BD033ED00170B62 /* Roboto-Medium.ttf */,
				5BBC9AD62BD033ED00170B62 /* Roboto-MediumItalic.ttf */,
				5BBC9AD72BD033ED00170B62 /* Roboto-Regular.ttf */,
				5BBC9AD22BD033EC00170B62 /* Roboto-Thin.ttf */,
				5BBC9AD02BD033EC00170B62 /* Roboto-ThinItalic.ttf */,
			);
			path = Fonts;
			sourceTree = "<group>";
		};
		5BBC9AF22BD03DED00170B62 /* Extensions */ = {
			isa = PBXGroup;
			children = (
				5BBC9AF92BD03F0200170B62 /* ButtonStyle+.swift */,
				5BAE05E32D58E4450001AD8E /* Date+.swift */,
				5B91EC242CE12ACC00B4A8EA /* Image++.swift */,
				5BBC9AF52BD03E6300170B62 /* Spacer+.swift */,
				5BBC9AF32BD03E3900170B62 /* UIFont+.swift */,
				5BBC9AF72BD03E9500170B62 /* View+.swift */,
				5B83F02B2C8E3AA5001D52BA /* Task++.swift */,
			);
			path = Extensions;
			sourceTree = "<group>";
		};
		5BBC9B462BD05FE300170B62 /* Home */ = {
			isa = PBXGroup;
			children = (
				5B9220FE2BDEB0D800F96222 /* Caution Test */,
				5B9220FF2BDEB0DF00F96222 /* Interpretation Test */,
				5BBC9B472BD0601100170B62 /* HomeTabView.swift */,
				5BBC9B492BD0604800170B62 /* HomeTabRootView.swift */,
				5BBC9B4B2BD0608100170B62 /* HomeTabRootViewModel.swift */,
			);
			path = Home;
			sourceTree = "<group>";
		};
		5BD528762CA04E4E0091C88B /* StepViews */ = {
			isa = PBXGroup;
			children = (
				5BD528742CA04E4A0091C88B /* ITWelcomeView.swift */,
				5B6E64542D3405DE00816A35 /* ITSessionDescriptionView.swift */,
				5B91EC2B2CE13C7100B4A8EA /* ITQuestionDescriptionView.swift */,
				5B3353C12CE284160055759D /* ITFirstQuestionView.swift */,
				5B3353C72CE291F00055759D /* ITSecondQuestionView.swift */,
				5B1BE4782CE66A39000AC960 /* ITSecondQuestionResultView.swift */,
				5B2A8F1A2D356BF0007A36CA /* ITSessionFinishView.swift */,
			);
			path = StepViews;
			sourceTree = "<group>";
		};
		5BD9D1752D626358003BDB67 /* Demo Mode */ = {
			isa = PBXGroup;
			children = (
				5BD9D17B2D626891003BDB67 /* Step Views */,
				5BD9D1792D626889003BDB67 /* ITDemoView.swift */,
				5BD9D17C2D6268AF003BDB67 /* ITDemoViewModel.swift */,
			);
			path = "Demo Mode";
			sourceTree = "<group>";
		};
		5BD9D1782D626760003BDB67 /* Interpretation Demo */ = {
			isa = PBXGroup;
			children = (
				5BD9D1762D6266FD003BDB67 /* ITDemoStep.swift */,
			);
			path = "Interpretation Demo";
			sourceTree = "<group>";
		};
		5BD9D17B2D626891003BDB67 /* Step Views */ = {
			isa = PBXGroup;
			children = (
				5BD528792CA053480091C88B /* ITDemoDescriptionView.swift */,
				5BD9D17E2D626A6A003BDB67 /* ITDemoQuestionDescView.swift */,
				5BD9D1802D626AD1003BDB67 /* ITDemoFirstQuestionView.swift */,
				5BD9D1822D626B9E003BDB67 /* ITDemoSecondQuestionView.swift */,
				5BD9D1842D626C68003BDB67 /* ITDemoSQResultView.swift */,
				5B6E64522D3405C000816A35 /* ITDemoFinishView.swift */,
			);
			path = "Step Views";
			sourceTree = "<group>";
		};
		5BEEFA9A2C07391E00AF3445 /* StepViews */ = {
			isa = PBXGroup;
			children = (
				5BEEFA922C07286B00AF3445 /* DescriptionView.swift */,
				5BEEFA962C0738A100AF3445 /* PlusSignView.swift */,
				5BEEFA982C0738DC00AF3445 /* PhotosView.swift */,
				5BEEFA9B2C07399D00AF3445 /* SelectionView.swift */,
				5BEEFA9D2C0739FA00AF3445 /* FinishView.swift */,
			);
			path = StepViews;
			sourceTree = "<group>";
		};
		5BEEFA9F2C07457400AF3445 /* Contributors */ = {
			isa = PBXGroup;
			children = (
				5BEEFAA02C0745B200AF3445 /* ContributorsView.swift */,
				5BEEFAA22C0745C000AF3445 /* ContributorsViewModel.swift */,
			);
			path = Contributors;
			sourceTree = "<group>";
		};
		5BFB6E992D47DD300086D4AA /* Data */ = {
			isa = PBXGroup;
			children = (
				5BFB6E9A2D47DD4C0086D4AA /* SessionData.swift */,
				5BFB6E9C2D47DD620086D4AA /* CautionTestData.swift */,
				5BFB6E9E2D47DD7A0086D4AA /* InterpretationTestData.swift */,
			);
			path = Data;
			sourceTree = "<group>";
		};
		5BFDB5242C0E402C00E7607B /* Register */ = {
			isa = PBXGroup;
			children = (
				5BFDB5252C0E416A00E7607B /* RegisterView.swift */,
				5BFDB5272C0E417E00E7607B /* RegisterViewModel.swift */,
			);
			path = Register;
			sourceTree = "<group>";
		};
/* End PBXGroup section */

/* Begin PBXNativeTarget section */
		5BBC9AAF2BD0304200170B62 /* Clinical Psychology 1-A */ = {
			isa = PBXNativeTarget;
			buildConfigurationList = 5BBC9ABE2BD0304700170B62 /* Build configuration list for PBXNativeTarget "Clinical Psychology 1-A" */;
			buildPhases = (
				5BBC9AAC2BD0304200170B62 /* Sources */,
				5BBC9AAD2BD0304200170B62 /* Frameworks */,
				5BBC9AAE2BD0304200170B62 /* Resources */,
			);
			buildRules = (
			);
			dependencies = (
			);
			name = "Clinical Psychology 1-A";
			packageProductDependencies = (
				5B8D79F22C73090200544E49 /* FirebaseAnalytics */,
				5B8D79F42C73090200544E49 /* FirebaseAuth */,
				5B8D79F62C73090200544E49 /* FirebaseCrashlytics */,
				5B8D79F82C73090200544E49 /* FirebaseDatabase */,
				5B8D79FA2C73090200544E49 /* FirebaseFirestore */,
				5B8D79FC2C73090200544E49 /* FirebaseRemoteConfig */,
				5B8D79FE2C73090200544E49 /* FirebaseStorage */,
			);
			productName = "Clinical Psychology 1-A";
			productReference = 5BBC9AB02BD0304200170B62 /* Clinical Psychology 1-A.app */;
			productType = "com.apple.product-type.application";
		};
		5BCD47C52D6E5E9F0053E848 /* Clinical Psychology 1-B */ = {
			isa = PBXNativeTarget;
			buildConfigurationList = 5BCD483D2D6E5E9F0053E848 /* Build configuration list for PBXNativeTarget "Clinical Psychology 1-B" */;
			buildPhases = (
				5BCD47CE2D6E5E9F0053E848 /* Sources */,
				5BCD48232D6E5E9F0053E848 /* Frameworks */,
				5BCD482B2D6E5E9F0053E848 /* Resources */,
			);
			buildRules = (
			);
			dependencies = (
			);
			name = "Clinical Psychology 1-B";
			packageProductDependencies = (
				5BCD47C62D6E5E9F0053E848 /* FirebaseAnalytics */,
				5BCD47C82D6E5E9F0053E848 /* FirebaseAuth */,
				5BCD47C92D6E5E9F0053E848 /* FirebaseCrashlytics */,
				5BCD47CA2D6E5E9F0053E848 /* FirebaseDatabase */,
				5BCD47CB2D6E5E9F0053E848 /* FirebaseFirestore */,
				5BCD47CC2D6E5E9F0053E848 /* FirebaseRemoteConfig */,
				5BCD47CD2D6E5E9F0053E848 /* FirebaseStorage */,
			);
			productName = "Clinical Psychology 1-B";
			productReference = 5BCD48402D6E5E9F0053E848 /* Clinical Psychology 1-B.app */;
			productType = "com.apple.product-type.application";
		};
/* End PBXNativeTarget section */

/* Begin PBXProject section */
		5BBC9AA82BD0304200170B62 /* Project object */ = {
			isa = PBXProject;
			attributes = {
				BuildIndependentTargetsInParallel = 1;
				LastSwiftUpdateCheck = 1520;
				LastUpgradeCheck = 1520;
				TargetAttributes = {
					5BBC9AAF2BD0304200170B62 = {
						CreatedOnToolsVersion = 15.2;
					};
				};
			};
			buildConfigurationList = 5BBC9AAB2BD0304200170B62 /* Build configuration list for PBXProject "Clinical Psychology 1" */;
			compatibilityVersion = "Xcode 14.0";
			developmentRegion = en;
			hasScannedForEncodings = 0;
			knownRegions = (
				en,
				Base,
			);
			mainGroup = 5BBC9AA72BD0304200170B62;
			packageReferences = (
				5B8D79F12C73090200544E49 /* XCRemoteSwiftPackageReference "firebase-ios-sdk" */,
			);
			productRefGroup = 5BBC9AB12BD0304200170B62 /* Products */;
			projectDirPath = "";
			projectRoot = "";
			targets = (
				5BBC9AAF2BD0304200170B62 /* Clinical Psychology 1-A */,
				5BCD47C52D6E5E9F0053E848 /* Clinical Psychology 1-B */,
			);
		};
/* End PBXProject section */

/* Begin PBXResourcesBuildPhase section */
		5BBC9AAE2BD0304200170B62 /* Resources */ = {
			isa = PBXResourcesBuildPhase;
			buildActionMask = 2147483647;
			files = (
				5BA491CE2D2078C90035316D /* interpretation_all.json in Resources */,
				5BBC9ABB2BD0304700170B62 /* Preview Assets.xcassets in Resources */,
				5BBC9AD82BD033ED00170B62 /* Roboto-Italic.ttf in Resources */,
				5BBC9B0C2BD059AD00170B62 /* GoogleService-Info.plist in Resources */,
				5BA491CB2D2069ED0035316D /* interpretation_demo.json in Resources */,
				5BBC9AE22BD033ED00170B62 /* Roboto-MediumItalic.ttf in Resources */,
				5BBC9ADB2BD033ED00170B62 /* Roboto-Bold.ttf in Resources */,
				5BBC9AE02BD033ED00170B62 /* Roboto-Light.ttf in Resources */,
				5BBC9ADC2BD033ED00170B62 /* Roboto-ThinItalic.ttf in Resources */,
				5BBC9ADA2BD033ED00170B62 /* Roboto-LightItalic.ttf in Resources */,
				5BBC9AB82BD0304700170B62 /* Assets.xcassets in Resources */,
				5BBC9AE32BD033ED00170B62 /* Roboto-Regular.ttf in Resources */,
				5BBC9AD92BD033ED00170B62 /* Roboto-Black.ttf in Resources */,
				5BBC9AE12BD033ED00170B62 /* Roboto-Medium.ttf in Resources */,
				5BBC9ADD2BD033ED00170B62 /* Roboto-BlackItalic.ttf in Resources */,
				5BBC9ADF2BD033ED00170B62 /* Roboto-BoldItalic.ttf in Resources */,
				5BBC9ADE2BD033ED00170B62 /* Roboto-Thin.ttf in Resources */,
			);
			runOnlyForDeploymentPostprocessing = 0;
		};
		5BCD482B2D6E5E9F0053E848 /* Resources */ = {
			isa = PBXResourcesBuildPhase;
			buildActionMask = 2147483647;
			files = (
				5BCD482C2D6E5E9F0053E848 /* interpretation_all.json in Resources */,
				5BCD482D2D6E5E9F0053E848 /* Preview Assets.xcassets in Resources */,
				5BCD482E2D6E5E9F0053E848 /* Roboto-Italic.ttf in Resources */,
				5B3040DF2D74D0E80022C32C /* GoogleService-Info_1B.plist in Resources */,
				5BCD48302D6E5E9F0053E848 /* interpretation_demo.json in Resources */,
				5BCD48312D6E5E9F0053E848 /* Roboto-MediumItalic.ttf in Resources */,
				5BCD48322D6E5E9F0053E848 /* Roboto-Bold.ttf in Resources */,
				5BCD48332D6E5E9F0053E848 /* Roboto-Light.ttf in Resources */,
				5BCD48342D6E5E9F0053E848 /* Roboto-ThinItalic.ttf in Resources */,
				5BCD48352D6E5E9F0053E848 /* Roboto-LightItalic.ttf in Resources */,
				5BCD48362D6E5E9F0053E848 /* Assets.xcassets in Resources */,
				5BCD48372D6E5E9F0053E848 /* Roboto-Regular.ttf in Resources */,
				5BCD48382D6E5E9F0053E848 /* Roboto-Black.ttf in Resources */,
				5BCD48392D6E5E9F0053E848 /* Roboto-Medium.ttf in Resources */,
				5BCD483A2D6E5E9F0053E848 /* Roboto-BlackItalic.ttf in Resources */,
				5BCD483B2D6E5E9F0053E848 /* Roboto-BoldItalic.ttf in Resources */,
				5BCD483C2D6E5E9F0053E848 /* Roboto-Thin.ttf in Resources */,
			);
			runOnlyForDeploymentPostprocessing = 0;
		};
/* End PBXResourcesBuildPhase section */

/* Begin PBXSourcesBuildPhase section */
		5BBC9AAC2BD0304200170B62 /* Sources */ = {
			isa = PBXSourcesBuildPhase;
			buildActionMask = 2147483647;
			files = (
				5BBC9B0A2BD0427400170B62 /* LoginView.swift in Sources */,
				5BD528782CA04EAC0091C88B /* ITStep.swift in Sources */,
				5BBC9AF12BD03DC400170B62 /* CustomButtonStyle.swift in Sources */,
				5BBC9AED2BD03D4700170B62 /* AppNavigationDestination.swift in Sources */,
				5BD5287A2CA053480091C88B /* ITDemoDescriptionView.swift in Sources */,
				5BBC9B062BD041D800170B62 /* CustomButtonView.swift in Sources */,
				5B2490882C0E5BFD0052F8BB /* PasswordInputFieldView.swift in Sources */,
				5B6E64552D3405DE00816A35 /* ITSessionDescriptionView.swift in Sources */,
				5BD9D17F2D626A6A003BDB67 /* ITDemoQuestionDescView.swift in Sources */,
				5BEEFAA12C0745B200AF3445 /* ContributorsView.swift in Sources */,
				5BBC9B482BD0601100170B62 /* HomeTabView.swift in Sources */,
				5BD9D1832D626B9E003BDB67 /* ITDemoSecondQuestionView.swift in Sources */,
				5B91EC272CE12E8100B4A8EA /* BackButton.swift in Sources */,
				5B9CB60A2BF53FDB00055481 /* InterpretationTestViewModel.swift in Sources */,
				5B3353C82CE291F00055759D /* ITSecondQuestionView.swift in Sources */,
				5BEEFAA32C0745C000AF3445 /* ContributorsViewModel.swift in Sources */,
				5BBC9AF62BD03E6300170B62 /* Spacer+.swift in Sources */,
				5B91EC302CE13FF300B4A8EA /* Category.swift in Sources */,
				5BBC9AF42BD03E3900170B62 /* UIFont+.swift in Sources */,
				5BD9D17A2D626889003BDB67 /* ITDemoView.swift in Sources */,
				5B3A37412C7CD9FA0005FAE9 /* FontStyle.swift in Sources */,
				5B9220F92BDE85E100F96222 /* SettingsTabRootViewModel.swift in Sources */,
				5BE4D2072C709B9900C50419 /* AuthState.swift in Sources */,
				5BFDB5262C0E416A00E7607B /* RegisterView.swift in Sources */,
				5BFB6E9D2D47DD620086D4AA /* CautionTestData.swift in Sources */,
				5BBC9AF82BD03E9500170B62 /* View+.swift in Sources */,
				5B9CB60C2BF53FE700055481 /* InterpretationTestView.swift in Sources */,
				5BFB6EA12D47DDB00086D4AA /* SessionManager.swift in Sources */,
				5BBC9AE52BD03BBB00170B62 /* AppCordinator.swift in Sources */,
				5BBC9AFA2BD03F0200170B62 /* ButtonStyle+.swift in Sources */,
				5BBC9AEF2BD03D8B00170B62 /* CustomTextFieldStyle.swift in Sources */,
				5BEEFA932C07286C00AF3445 /* DescriptionView.swift in Sources */,
				5B3A373F2C7CD9BE0005FAE9 /* CTStep.swift in Sources */,
				5B91EC322CE140AE00B4A8EA /* Answer.swift in Sources */,
				5BB433052C962B10001A1BB9 /* ArrowDirection.swift in Sources */,
				5B3353C22CE284160055759D /* ITFirstQuestionView.swift in Sources */,
				5BDC2E8A2D457ECF0005A94C /* LaunchView.swift in Sources */,
				5B9A4F862C7249AE00F22E6F /* AuthManager.swift in Sources */,
				5BEEFA972C0738A100AF3445 /* PlusSignView.swift in Sources */,
				5B8D7A012C73A69900544E49 /* TestStatus.swift in Sources */,
				5B1BE4792CE66A39000AC960 /* ITSecondQuestionResultView.swift in Sources */,
				5BBC9AE92BD03CB300170B62 /* AppState.swift in Sources */,
				5B3353C42CE287AB0055759D /* AnswerTextFieldView.swift in Sources */,
				5B4228882D5E644200C1C261 /* TrialItem.swift in Sources */,
				5B6E64532D3405C000816A35 /* ITDemoFinishView.swift in Sources */,
				5BBC9B4C2BD0608100170B62 /* HomeTabRootViewModel.swift in Sources */,
				5BEEFA9C2C07399D00AF3445 /* SelectionView.swift in Sources */,
				5BBC9B042BD0419400170B62 /* LoginTextFieldView.swift in Sources */,
				5BBC9B452BD05B1900170B62 /* FirebaseGateway.swift in Sources */,
				5BFB6E9F2D47DD7A0086D4AA /* InterpretationTestData.swift in Sources */,
				5BBC9B022BD0416100170B62 /* BackgroundView.swift in Sources */,
				5BBC9B4A2BD0604800170B62 /* HomeTabRootView.swift in Sources */,
				5B2490862C0E5AF40052F8BB /* InputFieldView.swift in Sources */,
				5B9221052BDEB1FE00F96222 /* CautionTestView.swift in Sources */,
				5B2A8F1B2D356BF0007A36CA /* ITSessionFinishView.swift in Sources */,
				5B9220FD2BDE8F1B00F96222 /* SettingsTabView.swift in Sources */,
				5B9221032BDEB13600F96222 /* CautionTestViewModel.swift in Sources */,
				5BFB6E9B2D47DD4C0086D4AA /* SessionData.swift in Sources */,
				5BBC9AB62BD0304200170B62 /* AppView.swift in Sources */,
				5BFDB5282C0E417E00E7607B /* RegisterViewModel.swift in Sources */,
				5BD9D1772D6266FD003BDB67 /* ITDemoStep.swift in Sources */,
				5BD528752CA04E4A0091C88B /* ITWelcomeView.swift in Sources */,
				5BAE05E42D58E4450001AD8E /* Date+.swift in Sources */,
				5BBC9AB42BD0304200170B62 /* Clinical_Psychology_1_App.swift in Sources */,
				5BD9D17D2D6268AF003BDB67 /* ITDemoViewModel.swift in Sources */,
				5BB433072C962B3F001A1BB9 /* Position.swift in Sources */,
				5BBC9B082BD0424000170B62 /* LoginViewModel.swift in Sources */,
				5B83F02C2C8E3AA5001D52BA /* Task++.swift in Sources */,
				5B9A4F882C726D4F00F22E6F /* AuthError.swift in Sources */,
				5BA491D42D2177B80035316D /* Question.swift in Sources */,
				5BBC9B002BD0405500170B62 /* TabBarView.swift in Sources */,
				5B91EC252CE12ACC00B4A8EA /* Image++.swift in Sources */,
				5B4228862D5E62F400C1C261 /* CTImage.swift in Sources */,
				5B95AB1E2C98C28D00ACA281 /* Strings.swift in Sources */,
				5BD9D1812D626AD1003BDB67 /* ITDemoFirstQuestionView.swift in Sources */,
				5BD9D1852D626C68003BDB67 /* ITDemoSQResultView.swift in Sources */,
				5BA491D62D2177E60035316D /* InterpretationCategory.swift in Sources */,
				5BA491D12D216F570035316D /* ITSessionManager.swift in Sources */,
				5BBC9AEB2BD03D1600170B62 /* AppTab.swift in Sources */,
				5B9220FB2BDE882500F96222 /* SettingsTabRootView.swift in Sources */,
				5B3A37432C7CDA4C0005FAE9 /* CustomFont.swift in Sources */,
				5B91EC2C2CE13C7100B4A8EA /* ITQuestionDescriptionView.swift in Sources */,
				5BEEFA992C0738DC00AF3445 /* PhotosView.swift in Sources */,
				5BEEFA9E2C0739FB00AF3445 /* FinishView.swift in Sources */,
			);
			runOnlyForDeploymentPostprocessing = 0;
		};
		5BCD47CE2D6E5E9F0053E848 /* Sources */ = {
			isa = PBXSourcesBuildPhase;
			buildActionMask = 2147483647;
			files = (
				5BCD47CF2D6E5E9F0053E848 /* LoginView.swift in Sources */,
				5BCD47D02D6E5E9F0053E848 /* ITStep.swift in Sources */,
				5BCD47D12D6E5E9F0053E848 /* CustomButtonStyle.swift in Sources */,
				5BCD47D22D6E5E9F0053E848 /* AppNavigationDestination.swift in Sources */,
				5BCD47D32D6E5E9F0053E848 /* ITDemoDescriptionView.swift in Sources */,
				5BCD47D42D6E5E9F0053E848 /* CustomButtonView.swift in Sources */,
				5BCD47D52D6E5E9F0053E848 /* PasswordInputFieldView.swift in Sources */,
				5BCD47D62D6E5E9F0053E848 /* ITSessionDescriptionView.swift in Sources */,
				5BCD47D72D6E5E9F0053E848 /* ITDemoQuestionDescView.swift in Sources */,
				5BCD47D82D6E5E9F0053E848 /* ContributorsView.swift in Sources */,
				5BCD47D92D6E5E9F0053E848 /* HomeTabView.swift in Sources */,
				5BCD47DA2D6E5E9F0053E848 /* ITDemoSecondQuestionView.swift in Sources */,
				5BCD47DB2D6E5E9F0053E848 /* BackButton.swift in Sources */,
				5BCD47DC2D6E5E9F0053E848 /* InterpretationTestViewModel.swift in Sources */,
				5BCD47DD2D6E5E9F0053E848 /* ITSecondQuestionView.swift in Sources */,
				5BCD47DE2D6E5E9F0053E848 /* ContributorsViewModel.swift in Sources */,
				5BCD47DF2D6E5E9F0053E848 /* Spacer+.swift in Sources */,
				5BCD47E02D6E5E9F0053E848 /* Category.swift in Sources */,
				5BCD47E12D6E5E9F0053E848 /* UIFont+.swift in Sources */,
				5BCD47E22D6E5E9F0053E848 /* ITDemoView.swift in Sources */,
				5BCD47E32D6E5E9F0053E848 /* FontStyle.swift in Sources */,
				5BCD47E42D6E5E9F0053E848 /* SettingsTabRootViewModel.swift in Sources */,
				5BCD47E52D6E5E9F0053E848 /* AuthState.swift in Sources */,
				5BCD47E62D6E5E9F0053E848 /* RegisterView.swift in Sources */,
				5BCD47E72D6E5E9F0053E848 /* CautionTestData.swift in Sources */,
				5BCD47E82D6E5E9F0053E848 /* View+.swift in Sources */,
				5BCD47E92D6E5E9F0053E848 /* InterpretationTestView.swift in Sources */,
				5BCD47EA2D6E5E9F0053E848 /* SessionManager.swift in Sources */,
				5BCD47EB2D6E5E9F0053E848 /* AppCordinator.swift in Sources */,
				5BCD47EC2D6E5E9F0053E848 /* ButtonStyle+.swift in Sources */,
				5BCD47ED2D6E5E9F0053E848 /* CustomTextFieldStyle.swift in Sources */,
				5BCD47EE2D6E5E9F0053E848 /* DescriptionView.swift in Sources */,
				5BCD47EF2D6E5E9F0053E848 /* CTStep.swift in Sources */,
				5BCD47F02D6E5E9F0053E848 /* Answer.swift in Sources */,
				5BCD47F12D6E5E9F0053E848 /* ArrowDirection.swift in Sources */,
				5BCD47F22D6E5E9F0053E848 /* ITFirstQuestionView.swift in Sources */,
				5BCD47F32D6E5E9F0053E848 /* LaunchView.swift in Sources */,
				5BCD47F42D6E5E9F0053E848 /* AuthManager.swift in Sources */,
				5BCD47F52D6E5E9F0053E848 /* PlusSignView.swift in Sources */,
				5BCD47F62D6E5E9F0053E848 /* TestStatus.swift in Sources */,
				5BCD47F72D6E5E9F0053E848 /* ITSecondQuestionResultView.swift in Sources */,
				5BCD47F82D6E5E9F0053E848 /* AppState.swift in Sources */,
				5BCD47F92D6E5E9F0053E848 /* AnswerTextFieldView.swift in Sources */,
				5BCD47FA2D6E5E9F0053E848 /* TrialItem.swift in Sources */,
				5BCD47FB2D6E5E9F0053E848 /* ITDemoFinishView.swift in Sources */,
				5BCD47FC2D6E5E9F0053E848 /* HomeTabRootViewModel.swift in Sources */,
				5BCD47FD2D6E5E9F0053E848 /* SelectionView.swift in Sources */,
				5BCD47FE2D6E5E9F0053E848 /* LoginTextFieldView.swift in Sources */,
				5BCD47FF2D6E5E9F0053E848 /* FirebaseGateway.swift in Sources */,
				5BCD48002D6E5E9F0053E848 /* InterpretationTestData.swift in Sources */,
				5BCD48012D6E5E9F0053E848 /* BackgroundView.swift in Sources */,
				5BCD48022D6E5E9F0053E848 /* HomeTabRootView.swift in Sources */,
				5BCD48032D6E5E9F0053E848 /* InputFieldView.swift in Sources */,
				5BCD48042D6E5E9F0053E848 /* CautionTestView.swift in Sources */,
				5BCD48052D6E5E9F0053E848 /* ITSessionFinishView.swift in Sources */,
				5BCD48062D6E5E9F0053E848 /* SettingsTabView.swift in Sources */,
				5BCD48072D6E5E9F0053E848 /* CautionTestViewModel.swift in Sources */,
				5BCD48082D6E5E9F0053E848 /* SessionData.swift in Sources */,
				5BCD48092D6E5E9F0053E848 /* AppView.swift in Sources */,
				5BCD480A2D6E5E9F0053E848 /* RegisterViewModel.swift in Sources */,
				5BCD480B2D6E5E9F0053E848 /* ITDemoStep.swift in Sources */,
				5BCD480C2D6E5E9F0053E848 /* ITWelcomeView.swift in Sources */,
				5BCD480D2D6E5E9F0053E848 /* Date+.swift in Sources */,
				5BCD480E2D6E5E9F0053E848 /* Clinical_Psychology_1_App.swift in Sources */,
				5BCD480F2D6E5E9F0053E848 /* ITDemoViewModel.swift in Sources */,
				5BCD48102D6E5E9F0053E848 /* Position.swift in Sources */,
				5BCD48112D6E5E9F0053E848 /* LoginViewModel.swift in Sources */,
				5BCD48122D6E5E9F0053E848 /* Task++.swift in Sources */,
				5BCD48132D6E5E9F0053E848 /* AuthError.swift in Sources */,
				5BCD48142D6E5E9F0053E848 /* Question.swift in Sources */,
				5BCD48152D6E5E9F0053E848 /* TabBarView.swift in Sources */,
				5BCD48162D6E5E9F0053E848 /* Image++.swift in Sources */,
				5BCD48172D6E5E9F0053E848 /* CTImage.swift in Sources */,
				5BCD48182D6E5E9F0053E848 /* Strings.swift in Sources */,
				5BCD48192D6E5E9F0053E848 /* ITDemoFirstQuestionView.swift in Sources */,
				5BCD481A2D6E5E9F0053E848 /* ITDemoSQResultView.swift in Sources */,
				5BCD481B2D6E5E9F0053E848 /* InterpretationCategory.swift in Sources */,
				5BCD481C2D6E5E9F0053E848 /* ITSessionManager.swift in Sources */,
				5BCD481D2D6E5E9F0053E848 /* AppTab.swift in Sources */,
				5BCD481E2D6E5E9F0053E848 /* SettingsTabRootView.swift in Sources */,
				5BCD481F2D6E5E9F0053E848 /* CustomFont.swift in Sources */,
				5BCD48202D6E5E9F0053E848 /* ITQuestionDescriptionView.swift in Sources */,
				5BCD48212D6E5E9F0053E848 /* PhotosView.swift in Sources */,
				5BCD48222D6E5E9F0053E848 /* FinishView.swift in Sources */,
			);
			runOnlyForDeploymentPostprocessing = 0;
		};
/* End PBXSourcesBuildPhase section */

/* Begin XCBuildConfiguration section */
		5BBC9ABC2BD0304700170B62 /* Debug */ = {
			isa = XCBuildConfiguration;
			buildSettings = {
				ALWAYS_SEARCH_USER_PATHS = NO;
				ASSETCATALOG_COMPILER_GENERATE_SWIFT_ASSET_SYMBOL_EXTENSIONS = YES;
				CLANG_ANALYZER_NONNULL = YES;
				CLANG_ANALYZER_NUMBER_OBJECT_CONVERSION = YES_AGGRESSIVE;
				CLANG_CXX_LANGUAGE_STANDARD = "gnu++20";
				CLANG_ENABLE_MODULES = YES;
				CLANG_ENABLE_OBJC_ARC = YES;
				CLANG_ENABLE_OBJC_WEAK = YES;
				CLANG_WARN_BLOCK_CAPTURE_AUTORELEASING = YES;
				CLANG_WARN_BOOL_CONVERSION = YES;
				CLANG_WARN_COMMA = YES;
				CLANG_WARN_CONSTANT_CONVERSION = YES;
				CLANG_WARN_DEPRECATED_OBJC_IMPLEMENTATIONS = YES;
				CLANG_WARN_DIRECT_OBJC_ISA_USAGE = YES_ERROR;
				CLANG_WARN_DOCUMENTATION_COMMENTS = YES;
				CLANG_WARN_EMPTY_BODY = YES;
				CLANG_WARN_ENUM_CONVERSION = YES;
				CLANG_WARN_INFINITE_RECURSION = YES;
				CLANG_WARN_INT_CONVERSION = YES;
				CLANG_WARN_NON_LITERAL_NULL_CONVERSION = YES;
				CLANG_WARN_OBJC_IMPLICIT_RETAIN_SELF = YES;
				CLANG_WARN_OBJC_LITERAL_CONVERSION = YES;
				CLANG_WARN_OBJC_ROOT_CLASS = YES_ERROR;
				CLANG_WARN_QUOTED_INCLUDE_IN_FRAMEWORK_HEADER = YES;
				CLANG_WARN_RANGE_LOOP_ANALYSIS = YES;
				CLANG_WARN_STRICT_PROTOTYPES = YES;
				CLANG_WARN_SUSPICIOUS_MOVE = YES;
				CLANG_WARN_UNGUARDED_AVAILABILITY = YES_AGGRESSIVE;
				CLANG_WARN_UNREACHABLE_CODE = YES;
				CLANG_WARN__DUPLICATE_METHOD_MATCH = YES;
				COPY_PHASE_STRIP = NO;
				DEBUG_INFORMATION_FORMAT = dwarf;
				ENABLE_STRICT_OBJC_MSGSEND = YES;
				ENABLE_TESTABILITY = YES;
				ENABLE_USER_SCRIPT_SANDBOXING = YES;
				GCC_C_LANGUAGE_STANDARD = gnu17;
				GCC_DYNAMIC_NO_PIC = NO;
				GCC_NO_COMMON_BLOCKS = YES;
				GCC_OPTIMIZATION_LEVEL = 0;
				GCC_PREPROCESSOR_DEFINITIONS = (
					"DEBUG=1",
					"$(inherited)",
				);
				GCC_WARN_64_TO_32_BIT_CONVERSION = YES;
				GCC_WARN_ABOUT_RETURN_TYPE = YES_ERROR;
				GCC_WARN_UNDECLARED_SELECTOR = YES;
				GCC_WARN_UNINITIALIZED_AUTOS = YES_AGGRESSIVE;
				GCC_WARN_UNUSED_FUNCTION = YES;
				GCC_WARN_UNUSED_VARIABLE = YES;
				IPHONEOS_DEPLOYMENT_TARGET = 16.0;
				LOCALIZATION_PREFERS_STRING_CATALOGS = YES;
				MTL_ENABLE_DEBUG_INFO = INCLUDE_SOURCE;
				MTL_FAST_MATH = YES;
				ONLY_ACTIVE_ARCH = YES;
				SDKROOT = iphoneos;
				SWIFT_ACTIVE_COMPILATION_CONDITIONS = "DEBUG $(inherited)";
				SWIFT_OPTIMIZATION_LEVEL = "-Onone";
			};
			name = Debug;
		};
		5BBC9ABD2BD0304700170B62 /* Release */ = {
			isa = XCBuildConfiguration;
			buildSettings = {
				ALWAYS_SEARCH_USER_PATHS = NO;
				ASSETCATALOG_COMPILER_GENERATE_SWIFT_ASSET_SYMBOL_EXTENSIONS = YES;
				CLANG_ANALYZER_NONNULL = YES;
				CLANG_ANALYZER_NUMBER_OBJECT_CONVERSION = YES_AGGRESSIVE;
				CLANG_CXX_LANGUAGE_STANDARD = "gnu++20";
				CLANG_ENABLE_MODULES = YES;
				CLANG_ENABLE_OBJC_ARC = YES;
				CLANG_ENABLE_OBJC_WEAK = YES;
				CLANG_WARN_BLOCK_CAPTURE_AUTORELEASING = YES;
				CLANG_WARN_BOOL_CONVERSION = YES;
				CLANG_WARN_COMMA = YES;
				CLANG_WARN_CONSTANT_CONVERSION = YES;
				CLANG_WARN_DEPRECATED_OBJC_IMPLEMENTATIONS = YES;
				CLANG_WARN_DIRECT_OBJC_ISA_USAGE = YES_ERROR;
				CLANG_WARN_DOCUMENTATION_COMMENTS = YES;
				CLANG_WARN_EMPTY_BODY = YES;
				CLANG_WARN_ENUM_CONVERSION = YES;
				CLANG_WARN_INFINITE_RECURSION = YES;
				CLANG_WARN_INT_CONVERSION = YES;
				CLANG_WARN_NON_LITERAL_NULL_CONVERSION = YES;
				CLANG_WARN_OBJC_IMPLICIT_RETAIN_SELF = YES;
				CLANG_WARN_OBJC_LITERAL_CONVERSION = YES;
				CLANG_WARN_OBJC_ROOT_CLASS = YES_ERROR;
				CLANG_WARN_QUOTED_INCLUDE_IN_FRAMEWORK_HEADER = YES;
				CLANG_WARN_RANGE_LOOP_ANALYSIS = YES;
				CLANG_WARN_STRICT_PROTOTYPES = YES;
				CLANG_WARN_SUSPICIOUS_MOVE = YES;
				CLANG_WARN_UNGUARDED_AVAILABILITY = YES_AGGRESSIVE;
				CLANG_WARN_UNREACHABLE_CODE = YES;
				CLANG_WARN__DUPLICATE_METHOD_MATCH = YES;
				COPY_PHASE_STRIP = NO;
				DEBUG_INFORMATION_FORMAT = "dwarf-with-dsym";
				ENABLE_NS_ASSERTIONS = NO;
				ENABLE_STRICT_OBJC_MSGSEND = YES;
				ENABLE_USER_SCRIPT_SANDBOXING = YES;
				GCC_C_LANGUAGE_STANDARD = gnu17;
				GCC_NO_COMMON_BLOCKS = YES;
				GCC_WARN_64_TO_32_BIT_CONVERSION = YES;
				GCC_WARN_ABOUT_RETURN_TYPE = YES_ERROR;
				GCC_WARN_UNDECLARED_SELECTOR = YES;
				GCC_WARN_UNINITIALIZED_AUTOS = YES_AGGRESSIVE;
				GCC_WARN_UNUSED_FUNCTION = YES;
				GCC_WARN_UNUSED_VARIABLE = YES;
				IPHONEOS_DEPLOYMENT_TARGET = 16.0;
				LOCALIZATION_PREFERS_STRING_CATALOGS = YES;
				MTL_ENABLE_DEBUG_INFO = NO;
				MTL_FAST_MATH = YES;
				SDKROOT = iphoneos;
				SWIFT_COMPILATION_MODE = wholemodule;
				VALIDATE_PRODUCT = YES;
			};
			name = Release;
		};
		5BBC9ABF2BD0304700170B62 /* Debug */ = {
			isa = XCBuildConfiguration;
			buildSettings = {
				ASSETCATALOG_COMPILER_APPICON_NAME = AppIcon;
				ASSETCATALOG_COMPILER_GLOBAL_ACCENT_COLOR_NAME = AccentColor;
				CODE_SIGN_STYLE = Automatic;
				CURRENT_PROJECT_VERSION = 1;
				DEVELOPMENT_ASSET_PATHS = "\"Clinical Psychology/Resources/Preview Content\"";
				DEVELOPMENT_TEAM = 62788MV7K6;
				ENABLE_PREVIEWS = YES;
				GENERATE_INFOPLIST_FILE = YES;
				INFOPLIST_FILE = 1A_info.plist;
				INFOPLIST_KEY_CFBundleDisplayName = "Grup 1A";
				INFOPLIST_KEY_LSApplicationCategoryType = "public.app-category.healthcare-fitness";
				INFOPLIST_KEY_UIApplicationSceneManifest_Generation = YES;
				INFOPLIST_KEY_UIApplicationSupportsIndirectInputEvents = YES;
				INFOPLIST_KEY_UISupportedInterfaceOrientations = UIInterfaceOrientationPortrait;
				IPHONEOS_DEPLOYMENT_TARGET = 16.0;
				LD_RUNPATH_SEARCH_PATHS = (
					"$(inherited)",
					"@executable_path/Frameworks",
				);
				MARKETING_VERSION = 1.0;
				PRODUCT_BUNDLE_IDENTIFIER = "muzafferse.Clinical-Psychology-1-A";
				PRODUCT_NAME = "$(TARGET_NAME)";
				SUPPORTED_PLATFORMS = "iphoneos iphonesimulator";
				SUPPORTS_MACCATALYST = NO;
				SUPPORTS_MAC_DESIGNED_FOR_IPHONE_IPAD = NO;
				SUPPORTS_XR_DESIGNED_FOR_IPHONE_IPAD = NO;
				SWIFT_ACTIVE_COMPILATION_CONDITIONS = CLINIC1A;
				SWIFT_EMIT_LOC_STRINGS = YES;
				SWIFT_VERSION = 5.0;
				TARGETED_DEVICE_FAMILY = 1;
			};
			name = Debug;
		};
		5BBC9AC02BD0304700170B62 /* Release */ = {
			isa = XCBuildConfiguration;
			buildSettings = {
				ASSETCATALOG_COMPILER_APPICON_NAME = AppIcon;
				ASSETCATALOG_COMPILER_GLOBAL_ACCENT_COLOR_NAME = AccentColor;
				CODE_SIGN_STYLE = Automatic;
				CURRENT_PROJECT_VERSION = 1;
				DEVELOPMENT_ASSET_PATHS = "\"Clinical Psychology/Resources/Preview Content\"";
				DEVELOPMENT_TEAM = 62788MV7K6;
				ENABLE_PREVIEWS = YES;
				GENERATE_INFOPLIST_FILE = YES;
				INFOPLIST_FILE = 1A_info.plist;
				INFOPLIST_KEY_CFBundleDisplayName = "Grup 1A";
				INFOPLIST_KEY_LSApplicationCategoryType = "public.app-category.healthcare-fitness";
				INFOPLIST_KEY_UIApplicationSceneManifest_Generation = YES;
				INFOPLIST_KEY_UIApplicationSupportsIndirectInputEvents = YES;
				INFOPLIST_KEY_UISupportedInterfaceOrientations = UIInterfaceOrientationPortrait;
				IPHONEOS_DEPLOYMENT_TARGET = 16.0;
				LD_RUNPATH_SEARCH_PATHS = (
					"$(inherited)",
					"@executable_path/Frameworks",
				);
				MARKETING_VERSION = 1.0;
				PRODUCT_BUNDLE_IDENTIFIER = "muzafferse.Clinical-Psychology-1-A";
				PRODUCT_NAME = "$(TARGET_NAME)";
				SUPPORTED_PLATFORMS = "iphoneos iphonesimulator";
				SUPPORTS_MACCATALYST = NO;
				SUPPORTS_MAC_DESIGNED_FOR_IPHONE_IPAD = NO;
				SUPPORTS_XR_DESIGNED_FOR_IPHONE_IPAD = NO;
				SWIFT_EMIT_LOC_STRINGS = YES;
				SWIFT_VERSION = 5.0;
				TARGETED_DEVICE_FAMILY = 1;
			};
			name = Release;
		};
		5BCD483E2D6E5E9F0053E848 /* Debug */ = {
			isa = XCBuildConfiguration;
			buildSettings = {
				ASSETCATALOG_COMPILER_APPICON_NAME = AppIcon1B;
				ASSETCATALOG_COMPILER_GLOBAL_ACCENT_COLOR_NAME = AccentColor;
				CODE_SIGN_STYLE = Automatic;
				CURRENT_PROJECT_VERSION = 1;
				DEVELOPMENT_ASSET_PATHS = "\"Clinical Psychology/Resources/Preview Content\"";
				DEVELOPMENT_TEAM = 62788MV7K6;
				ENABLE_PREVIEWS = YES;
				GENERATE_INFOPLIST_FILE = YES;
				INFOPLIST_FILE = 1B_info.plist;
				INFOPLIST_KEY_CFBundleDisplayName = "Grup 1B";
				INFOPLIST_KEY_LSApplicationCategoryType = "public.app-category.healthcare-fitness";
				INFOPLIST_KEY_UIApplicationSceneManifest_Generation = YES;
				INFOPLIST_KEY_UIApplicationSupportsIndirectInputEvents = YES;
				INFOPLIST_KEY_UISupportedInterfaceOrientations = UIInterfaceOrientationPortrait;
				IPHONEOS_DEPLOYMENT_TARGET = 16.0;
				LD_RUNPATH_SEARCH_PATHS = (
					"$(inherited)",
					"@executable_path/Frameworks",
				);
				MARKETING_VERSION = 1.0;
				PRODUCT_BUNDLE_IDENTIFIER = "muzafferse.Clinical-Psychology-1-B";
				PRODUCT_NAME = "$(TARGET_NAME)";
				SUPPORTED_PLATFORMS = "iphoneos iphonesimulator";
				SUPPORTS_MACCATALYST = NO;
				SUPPORTS_MAC_DESIGNED_FOR_IPHONE_IPAD = NO;
				SUPPORTS_XR_DESIGNED_FOR_IPHONE_IPAD = NO;
				SWIFT_ACTIVE_COMPILATION_CONDITIONS = CLINIC1B;
				SWIFT_EMIT_LOC_STRINGS = YES;
				SWIFT_VERSION = 5.0;
				TARGETED_DEVICE_FAMILY = 1;
			};
			name = Debug;
		};
		5BCD483F2D6E5E9F0053E848 /* Release */ = {
			isa = XCBuildConfiguration;
			buildSettings = {
				ASSETCATALOG_COMPILER_APPICON_NAME = AppIcon1B;
				ASSETCATALOG_COMPILER_GLOBAL_ACCENT_COLOR_NAME = AccentColor;
				CODE_SIGN_STYLE = Automatic;
				CURRENT_PROJECT_VERSION = 1;
				DEVELOPMENT_ASSET_PATHS = "\"Clinical Psychology/Resources/Preview Content\"";
				DEVELOPMENT_TEAM = 62788MV7K6;
				ENABLE_PREVIEWS = YES;
				GENERATE_INFOPLIST_FILE = YES;
				INFOPLIST_FILE = 1B_info.plist;
				INFOPLIST_KEY_CFBundleDisplayName = "Grup 1B";
				INFOPLIST_KEY_LSApplicationCategoryType = "public.app-category.healthcare-fitness";
				INFOPLIST_KEY_UIApplicationSceneManifest_Generation = YES;
				INFOPLIST_KEY_UIApplicationSupportsIndirectInputEvents = YES;
				INFOPLIST_KEY_UISupportedInterfaceOrientations = UIInterfaceOrientationPortrait;
				IPHONEOS_DEPLOYMENT_TARGET = 16.0;
				LD_RUNPATH_SEARCH_PATHS = (
					"$(inherited)",
					"@executable_path/Frameworks",
				);
				MARKETING_VERSION = 1.0;
				PRODUCT_BUNDLE_IDENTIFIER = "muzafferse.Clinical-Psychology-1-B";
				PRODUCT_NAME = "$(TARGET_NAME)";
				SUPPORTED_PLATFORMS = "iphoneos iphonesimulator";
				SUPPORTS_MACCATALYST = NO;
				SUPPORTS_MAC_DESIGNED_FOR_IPHONE_IPAD = NO;
				SUPPORTS_XR_DESIGNED_FOR_IPHONE_IPAD = NO;
				SWIFT_EMIT_LOC_STRINGS = YES;
				SWIFT_VERSION = 5.0;
				TARGETED_DEVICE_FAMILY = 1;
			};
			name = Release;
		};
/* End XCBuildConfiguration section */

/* Begin XCConfigurationList section */
		5BBC9AAB2BD0304200170B62 /* Build configuration list for PBXProject "Clinical Psychology 1" */ = {
			isa = XCConfigurationList;
			buildConfigurations = (
				5BBC9ABC2BD0304700170B62 /* Debug */,
				5BBC9ABD2BD0304700170B62 /* Release */,
			);
			defaultConfigurationIsVisible = 0;
			defaultConfigurationName = Release;
		};
		5BBC9ABE2BD0304700170B62 /* Build configuration list for PBXNativeTarget "Clinical Psychology 1-A" */ = {
			isa = XCConfigurationList;
			buildConfigurations = (
				5BBC9ABF2BD0304700170B62 /* Debug */,
				5BBC9AC02BD0304700170B62 /* Release */,
			);
			defaultConfigurationIsVisible = 0;
			defaultConfigurationName = Release;
		};
		5BCD483D2D6E5E9F0053E848 /* Build configuration list for PBXNativeTarget "Clinical Psychology 1-B" */ = {
			isa = XCConfigurationList;
			buildConfigurations = (
				5BCD483E2D6E5E9F0053E848 /* Debug */,
				5BCD483F2D6E5E9F0053E848 /* Release */,
			);
			defaultConfigurationIsVisible = 0;
			defaultConfigurationName = Release;
		};
/* End XCConfigurationList section */

/* Begin XCRemoteSwiftPackageReference section */
		5B8D79F12C73090200544E49 /* XCRemoteSwiftPackageReference "firebase-ios-sdk" */ = {
			isa = XCRemoteSwiftPackageReference;
			repositoryURL = "https://github.com/firebase/firebase-ios-sdk";
			requirement = {
				kind = upToNextMinorVersion;
				minimumVersion = 11.9.0;
			};
		};
		5BCD47C72D6E5E9F0053E848 /* XCRemoteSwiftPackageReference "firebase-ios-sdk" */ = {
			isa = XCRemoteSwiftPackageReference;
			repositoryURL = "https://github.com/firebase/firebase-ios-sdk";
			requirement = {
				kind = upToNextMinorVersion;
				minimumVersion = 11.8.1;
			};
		};
/* End XCRemoteSwiftPackageReference section */

/* Begin XCSwiftPackageProductDependency section */
		5B8D79F22C73090200544E49 /* FirebaseAnalytics */ = {
			isa = XCSwiftPackageProductDependency;
			package = 5B8D79F12C73090200544E49 /* XCRemoteSwiftPackageReference "firebase-ios-sdk" */;
			productName = FirebaseAnalytics;
		};
		5B8D79F42C73090200544E49 /* FirebaseAuth */ = {
			isa = XCSwiftPackageProductDependency;
			package = 5B8D79F12C73090200544E49 /* XCRemoteSwiftPackageReference "firebase-ios-sdk" */;
			productName = FirebaseAuth;
		};
		5B8D79F62C73090200544E49 /* FirebaseCrashlytics */ = {
			isa = XCSwiftPackageProductDependency;
			package = 5B8D79F12C73090200544E49 /* XCRemoteSwiftPackageReference "firebase-ios-sdk" */;
			productName = FirebaseCrashlytics;
		};
		5B8D79F82C73090200544E49 /* FirebaseDatabase */ = {
			isa = XCSwiftPackageProductDependency;
			package = 5B8D79F12C73090200544E49 /* XCRemoteSwiftPackageReference "firebase-ios-sdk" */;
			productName = FirebaseDatabase;
		};
		5B8D79FA2C73090200544E49 /* FirebaseFirestore */ = {
			isa = XCSwiftPackageProductDependency;
			package = 5B8D79F12C73090200544E49 /* XCRemoteSwiftPackageReference "firebase-ios-sdk" */;
			productName = FirebaseFirestore;
		};
		5B8D79FC2C73090200544E49 /* FirebaseRemoteConfig */ = {
			isa = XCSwiftPackageProductDependency;
			package = 5B8D79F12C73090200544E49 /* XCRemoteSwiftPackageReference "firebase-ios-sdk" */;
			productName = FirebaseRemoteConfig;
		};
		5B8D79FE2C73090200544E49 /* FirebaseStorage */ = {
			isa = XCSwiftPackageProductDependency;
			package = 5B8D79F12C73090200544E49 /* XCRemoteSwiftPackageReference "firebase-ios-sdk" */;
			productName = FirebaseStorage;
		};
		5BCD47C62D6E5E9F0053E848 /* FirebaseAnalytics */ = {
			isa = XCSwiftPackageProductDependency;
			package = 5BCD47C72D6E5E9F0053E848 /* XCRemoteSwiftPackageReference "firebase-ios-sdk" */;
			productName = FirebaseAnalytics;
		};
		5BCD47C82D6E5E9F0053E848 /* FirebaseAuth */ = {
			isa = XCSwiftPackageProductDependency;
			package = 5BCD47C72D6E5E9F0053E848 /* XCRemoteSwiftPackageReference "firebase-ios-sdk" */;
			productName = FirebaseAuth;
		};
		5BCD47C92D6E5E9F0053E848 /* FirebaseCrashlytics */ = {
			isa = XCSwiftPackageProductDependency;
			package = 5BCD47C72D6E5E9F0053E848 /* XCRemoteSwiftPackageReference "firebase-ios-sdk" */;
			productName = FirebaseCrashlytics;
		};
		5BCD47CA2D6E5E9F0053E848 /* FirebaseDatabase */ = {
			isa = XCSwiftPackageProductDependency;
			package = 5BCD47C72D6E5E9F0053E848 /* XCRemoteSwiftPackageReference "firebase-ios-sdk" */;
			productName = FirebaseDatabase;
		};
		5BCD47CB2D6E5E9F0053E848 /* FirebaseFirestore */ = {
			isa = XCSwiftPackageProductDependency;
			package = 5BCD47C72D6E5E9F0053E848 /* XCRemoteSwiftPackageReference "firebase-ios-sdk" */;
			productName = FirebaseFirestore;
		};
		5BCD47CC2D6E5E9F0053E848 /* FirebaseRemoteConfig */ = {
			isa = XCSwiftPackageProductDependency;
			package = 5BCD47C72D6E5E9F0053E848 /* XCRemoteSwiftPackageReference "firebase-ios-sdk" */;
			productName = FirebaseRemoteConfig;
		};
		5BCD47CD2D6E5E9F0053E848 /* FirebaseStorage */ = {
			isa = XCSwiftPackageProductDependency;
			package = 5BCD47C72D6E5E9F0053E848 /* XCRemoteSwiftPackageReference "firebase-ios-sdk" */;
			productName = FirebaseStorage;
		};
/* End XCSwiftPackageProductDependency section */
	};
	rootObject = 5BBC9AA82BD0304200170B62 /* Project object */;
}
